{
    "version": 3,
    "terraform_version": "0.8.8",
    "serial": 5,
    "lineage": "69e9ccd5-87d0-4a3d-9516-a0d15661f357",
    "modules": [
        {
            "path": [
                "root"
            ],
            "outputs": {
                "InstancePrivateIP": {
                    "sensitive": false,
                    "type": "list",
                    "value": [
                        "10.1.1.2",
                        "10.1.2.2"
                    ]
                },
                "InstancePublicIP": {
                    "sensitive": false,
                    "type": "list",
                    "value": [
                        "129.146.24.94",
                        "129.146.20.129"
                    ]
                }
            },
            "resources": {
                "baremetal_core_instance.Master": {
                    "type": "baremetal_core_instance",
                    "depends_on": [
                        "baremetal_core_subnet.MasterSubnet",
                        "data.baremetal_core_images.OLImageOCID",
                        "data.baremetal_identity_availability_domains.ADs"
                    ],
                    "primary": {
                        "id": "ocid1.instance.oc1.phx.abyhqljs6d2szogcq5mf3jfw5bubfkihymezdqhk7gncoxaxloqzt4ylroyq",
                        "attributes": {
                            "availability_domain": "YZAF:PHX-AD-1",
                            "compartment_id": "ocid1.compartment.oc1..aaaaaaaalk523m4z2n4lurhyykl3ppptvfhzbnvwswazybysjjtaiykhpwpq",
                            "display_name": "Docker Master",
                            "id": "ocid1.instance.oc1.phx.abyhqljs6d2szogcq5mf3jfw5bubfkihymezdqhk7gncoxaxloqzt4ylroyq",
                            "image": "ocid1.image.oc1.phx.aaaaaaaazt3sfrz2lfbha6okihvh4bwaufikhilhsek43hpvzxitl47nv2bq",
                            "metadata.%": "2",
                            "metadata.ssh_authorized_keys": "ssh-rsa AAAAB3NzaC1yc2EAAAADAQABAAABAQDB3x3pMQpo4Pe5WXQ4I1ZAR+QHZse/ka/Qy1BpUxD6pSYeoshRtwI51ltTtpntJ2BlO+llXTccwnIOMaxKytMBgKun4nealRqE46tSpDvZBAoSKr1eR1zuarkh1vqSKiMvCm+QfGAAk86FfFNMArrjk37piocWfmorJVdF5FE9YSjvDKKcGgHNKMxSx4ocy/ZyfpsCnr6FHNwl4QjO4OVDaP0Nqo8L3uPy3dYe+LoI4XVTs2MBMdRTWtdFPN4kck+K2WQmCj4T2weRbz2myyVobR5T4i5/pydSQjs4GihuBHPhSdVEW2AcZ4prWuRKBSg253RIsmft44zF8HvJ5YWF aleigh@aleigh-mac",
                            "metadata.user_data": "IyEvYmluL2Jhc2gKZWNobyAiWXVtIHVwZGF0ZSIKeXVtIHVwZGF0ZSAteQoKc2V0ZW5mb3JjZSAwCnN5c3RlbWN0bCBzdG9wIGZpcmV3YWxsZApzeXN0ZW1jdGwgZGlzYWJsZSBmaXJld2FsbGQKCndnZXQgLVAgL2V0Yy95dW0ucmVwb3MuZC8gIGh0dHBzOi8vcmF3LmdpdGh1YnVzZXJjb250ZW50LmNvbS9hd2VuYXMvdGVycmFmb3JtZGVtby9tYXN0ZXIvZG9ja2VyLWRlbW8vdmlydDctZG9ja2VyLWNvbW1vbi1yZWxlYXNlLnJlcG8KCnl1bSAteSBpbnN0YWxsIC0tZW5hYmxlcmVwbz12aXJ0Ny1kb2NrZXItY29tbW9uLXJlbGVhc2Uga3ViZXJuZXRlcyBldGNkIGZsYW5uZWwKCndnZXQgaHR0cHM6Ly9yYXcuZ2l0aHVidXNlcmNvbnRlbnQuY29tL2F3ZW5hcy90ZXJyYWZvcm1kZW1vL21hc3Rlci9kb2NrZXItZGVtby9ob3N0cyAtTyAvZXRjL2hvc3RzCgp3Z2V0IGh0dHBzOi8vcmF3LmdpdGh1YnVzZXJjb250ZW50LmNvbS9hd2VuYXMvdGVycmFmb3JtZGVtby9tYXN0ZXIvZG9ja2VyLWRlbW8vbWFzdGVyL2NvbmZpZyAtTyAvZXRjL2t1YmVybmV0ZXMvY29uZmlnCgp3Z2V0IGh0dHBzOi8vcmF3LmdpdGh1YnVzZXJjb250ZW50LmNvbS9hd2VuYXMvdGVycmFmb3JtZGVtby9tYXN0ZXIvZG9ja2VyLWRlbW8vbWFzdGVyL2V0Y2QuY29uZiAtTyAvZXRjL2V0Y2QvZXRjZC5jb25mCgp3Z2V0IGh0dHBzOi8vcmF3LmdpdGh1YnVzZXJjb250ZW50LmNvbS9hd2VuYXMvdGVycmFmb3JtZGVtby9tYXN0ZXIvZG9ja2VyLWRlbW8vbWFzdGVyL2FwaXNlcnZlciAtTyAvZXRjL2t1YmVybmV0ZXMvYXBpc2VydmVyCgpzeXN0ZW1jdGwgc3RhcnQgZXRjZApldGNkY3RsIG1rZGlyIC9rdWJlLWNlbnRvcy9uZXR3b3JrCmV0Y2RjdGwgbWsgL2t1YmUtY2VudG9zL25ldHdvcmsvY29uZmlnICJ7IFwiTmV0d29ya1wiOiBcIjE3Mi4zMC4wLjAvMTZcIiwgXCJTdWJuZXRMZW5cIjogMjQsIFwiQmFja2VuZFwiOiB7IFwiVHlwZVwiOiBcInZ4bGFuXCIgfSB9IgoKd2dldCBodHRwczovL3Jhdy5naXRodWJ1c2VyY29udGVudC5jb20vYXdlbmFzL3RlcnJhZm9ybWRlbW8vbWFzdGVyL2RvY2tlci1kZW1vL21hc3Rlci9mbGFubmVsZCAtTyAvZXRjL3N5c2NvbmZpZy9mbGFubmVsZAoKZm9yIFNFUlZJQ0VTIGluIGV0Y2Qga3ViZS1hcGlzZXJ2ZXIga3ViZS1jb250cm9sbGVyLW1hbmFnZXIga3ViZS1zY2hlZHVsZXIgZmxhbm5lbGQ7IGRvCiAgICBzeXN0ZW1jdGwgcmVzdGFydCAkU0VSVklDRVMKICAgIHN5c3RlbWN0bCBlbmFibGUgJFNFUlZJQ0VTCiAgICBzeXN0ZW1jdGwgc3RhdHVzICRTRVJWSUNFUwpkb25lCg==",
                            "region": "phx",
                            "shape": "VM.Standard1.2",
                            "state": "RUNNING",
                            "subnet_id": "ocid1.subnet.oc1.phx.aaaaaaaaixbb7yhoypp4juqor4z56a2rgpkmxwxknxg3mfge7p6w2hp7hwqa",
                            "time_created": "2017-04-18 06:53:14.665 +0000 UTC"
                        },
                        "meta": {},
                        "tainted": false
                    },
                    "deposed": [],
                    "provider": ""
                },
                "baremetal_core_instance.Minion": {
                    "type": "baremetal_core_instance",
                    "depends_on": [
                        "baremetal_core_subnet.MinionSubnet",
                        "data.baremetal_core_images.OLImageOCID",
                        "data.baremetal_identity_availability_domains.ADs"
                    ],
                    "primary": {
                        "id": "ocid1.instance.oc1.phx.abyhqljrk7hbgicuvfjnfho5xw3ok6crzqi24ddftjqjkvtwkcrdncpjrnwa",
                        "attributes": {
                            "availability_domain": "YZAF:PHX-AD-2",
                            "compartment_id": "ocid1.compartment.oc1..aaaaaaaalk523m4z2n4lurhyykl3ppptvfhzbnvwswazybysjjtaiykhpwpq",
                            "display_name": "Minion",
                            "id": "ocid1.instance.oc1.phx.abyhqljrk7hbgicuvfjnfho5xw3ok6crzqi24ddftjqjkvtwkcrdncpjrnwa",
                            "image": "ocid1.image.oc1.phx.aaaaaaaazt3sfrz2lfbha6okihvh4bwaufikhilhsek43hpvzxitl47nv2bq",
                            "metadata.%": "2",
                            "metadata.ssh_authorized_keys": "ssh-rsa AAAAB3NzaC1yc2EAAAADAQABAAABAQDB3x3pMQpo4Pe5WXQ4I1ZAR+QHZse/ka/Qy1BpUxD6pSYeoshRtwI51ltTtpntJ2BlO+llXTccwnIOMaxKytMBgKun4nealRqE46tSpDvZBAoSKr1eR1zuarkh1vqSKiMvCm+QfGAAk86FfFNMArrjk37piocWfmorJVdF5FE9YSjvDKKcGgHNKMxSx4ocy/ZyfpsCnr6FHNwl4QjO4OVDaP0Nqo8L3uPy3dYe+LoI4XVTs2MBMdRTWtdFPN4kck+K2WQmCj4T2weRbz2myyVobR5T4i5/pydSQjs4GihuBHPhSdVEW2AcZ4prWuRKBSg253RIsmft44zF8HvJ5YWF aleigh@aleigh-mac",
                            "metadata.user_data": "IyEvYmluL2Jhc2gKZWNobyAiWXVtIHVwZGF0ZSIKeXVtIHVwZGF0ZSAteQoKc2V0ZW5mb3JjZSAwCnN5c3RlbWN0bCBzdG9wIGZpcmV3YWxsZApzeXN0ZW1jdGwgZGlzYWJsZSBmaXJld2FsbGQKCndnZXQgLVAgL2V0Yy95dW0ucmVwb3MuZC8gIGh0dHBzOi8vcmF3LmdpdGh1YnVzZXJjb250ZW50LmNvbS9hd2VuYXMvdGVycmFmb3JtZGVtby9tYXN0ZXIvZG9ja2VyLWRlbW8vdmlydDctZG9ja2VyLWNvbW1vbi1yZWxlYXNlLnJlcG8KCnl1bSAteSBpbnN0YWxsIC0tZW5hYmxlcmVwbz12aXJ0Ny1kb2NrZXItY29tbW9uLXJlbGVhc2Uga3ViZXJuZXRlcyBldGNkIGZsYW5uZWwKCndnZXQgaHR0cHM6Ly9yYXcuZ2l0aHVidXNlcmNvbnRlbnQuY29tL2F3ZW5hcy90ZXJyYWZvcm1kZW1vL21hc3Rlci9kb2NrZXItZGVtby9ob3N0cyAtTyAvZXRjL2hvc3RzCgp3Z2V0IGh0dHBzOi8vcmF3LmdpdGh1YnVzZXJjb250ZW50LmNvbS9hd2VuYXMvdGVycmFmb3JtZGVtby9tYXN0ZXIvZG9ja2VyLWRlbW8vbWluaW9uL2t1YmVsZXQgLU8gIC9ldGMva3ViZXJuZXRlcy9rdWJlbGV0IAoKd2dldCBodHRwczovL3Jhdy5naXRodWJ1c2VyY29udGVudC5jb20vYXdlbmFzL3RlcnJhZm9ybWRlbW8vbWFzdGVyL2RvY2tlci1kZW1vL21hc3Rlci9mbGFubmVsZCAtTyAvZXRjL3N5c2NvbmZpZy9mbGFubmVsZAoKbWtmaWxlIDFHIC92YXIvbGliL2RvY2tlcl9maWxlCgp3Z2V0IGh0dHBzOi8vcmF3LmdpdGh1YnVzZXJjb250ZW50LmNvbS9hd2VuYXMvdGVycmFmb3JtZGVtby9taW5pb24vZG9ja2VyLWRlbW8vbWluaW9uL2RvY2tlci1zdG9yYWdlLXNldHVwIC1PIC9ldGMvc3lzY29uZmlnL2RvY2tlci1zdG9yYWdlLXNldHVwCgpmb3IgU0VSVklDRVMgaW4ga3ViZS1wcm94eSBrdWJlbGV0IGZsYW5uZWxkIGRvY2tlcjsgZG8KICAgIHN5c3RlbWN0bCByZXN0YXJ0ICRTRVJWSUNFUwogICAgc3lzdGVtY3RsIGVuYWJsZSAkU0VSVklDRVMKICAgIHN5c3RlbWN0bCBzdGF0dXMgJFNFUlZJQ0VTCmRvbmUKCmt1YmVjdGwgY29uZmlnIHNldC1jbHVzdGVyIGRlZmF1bHQtY2x1c3RlciAtLXNlcnZlcj1odHRwOi8vY2VudG9zLW1hc3Rlcjo4MDgwCmt1YmVjdGwgY29uZmlnIHNldC1jb250ZXh0IGRlZmF1bHQtY29udGV4dCAtLWNsdXN0ZXI9ZGVmYXVsdC1jbHVzdGVyIC0tdXNlcj1kZWZhdWx0LWFkbWluCmt1YmVjdGwgY29uZmlnIHVzZS1jb250ZXh0IGRlZmF1bHQtY29udGV4dAo=",
                            "region": "phx",
                            "shape": "VM.Standard1.2",
                            "state": "RUNNING",
                            "subnet_id": "ocid1.subnet.oc1.phx.aaaaaaaaxdqydhbjwmzzjyqnil3rneydoja7f6rave64mx3k7rokpmedtutq",
                            "time_created": "2017-04-18 06:53:14.256 +0000 UTC"
                        },
                        "meta": {},
                        "tainted": false
                    },
                    "deposed": [],
                    "provider": ""
                },
                "baremetal_core_internet_gateway.CompleteIG": {
                    "type": "baremetal_core_internet_gateway",
                    "depends_on": [
                        "baremetal_core_virtual_network.CompleteVCN"
                    ],
                    "primary": {
                        "id": "ocid1.internetgateway.oc1.phx.aaaaaaaaxef7n4rklilnxuu3fbjzkzffulef4qjezp54dj6sji35rfpns35a",
                        "attributes": {
                            "compartment_id": "ocid1.compartment.oc1..aaaaaaaalk523m4z2n4lurhyykl3ppptvfhzbnvwswazybysjjtaiykhpwpq",
                            "display_name": "DockerIG",
                            "enabled": "true",
                            "id": "ocid1.internetgateway.oc1.phx.aaaaaaaaxef7n4rklilnxuu3fbjzkzffulef4qjezp54dj6sji35rfpns35a",
                            "state": "AVAILABLE",
                            "time_created": "2017-04-18 06:53:11.996 +0000 UTC",
                            "time_modified": "0001-01-01 00:00:00 +0000 UTC",
                            "vcn_id": "ocid1.vcn.oc1.phx.aaaaaaaavqwu7xpbpgj23iaajqei2yafq3si65lptiaahbxwtn67ijjtbima"
                        },
                        "meta": {},
                        "tainted": false
                    },
                    "deposed": [],
                    "provider": ""
                },
                "baremetal_core_route_table.RouteForComplete": {
                    "type": "baremetal_core_route_table",
                    "depends_on": [
                        "baremetal_core_internet_gateway.CompleteIG",
                        "baremetal_core_virtual_network.CompleteVCN"
                    ],
                    "primary": {
                        "id": "ocid1.routetable.oc1.phx.aaaaaaaaxef2x2cefrhwzqclskuk3qwltrklwdcrpkgfltchab3gkavaryta",
                        "attributes": {
                            "compartment_id": "ocid1.compartment.oc1..aaaaaaaalk523m4z2n4lurhyykl3ppptvfhzbnvwswazybysjjtaiykhpwpq",
                            "display_name": "RouteTableForDocker",
                            "id": "ocid1.routetable.oc1.phx.aaaaaaaaxef2x2cefrhwzqclskuk3qwltrklwdcrpkgfltchab3gkavaryta",
                            "route_rules.#": "1",
                            "route_rules.0.cidr_block": "0.0.0.0/0",
                            "route_rules.0.network_entity_id": "ocid1.internetgateway.oc1.phx.aaaaaaaaxef7n4rklilnxuu3fbjzkzffulef4qjezp54dj6sji35rfpns35a",
                            "state": "AVAILABLE",
                            "time_created": "2017-04-18 06:53:12.801 +0000 UTC",
                            "time_modified": "0001-01-01 00:00:00 +0000 UTC",
                            "vcn_id": "ocid1.vcn.oc1.phx.aaaaaaaavqwu7xpbpgj23iaajqei2yafq3si65lptiaahbxwtn67ijjtbima"
                        },
                        "meta": {},
                        "tainted": false
                    },
                    "deposed": [],
                    "provider": ""
                },
                "baremetal_core_security_list.Dockerseclist": {
                    "type": "baremetal_core_security_list",
                    "depends_on": [
                        "baremetal_core_virtual_network.CompleteVCN"
                    ],
                    "primary": {
                        "id": "ocid1.securitylist.oc1.phx.aaaaaaaazq4kq2ezzjlb23oz3hsl3qtxfxbfyjrt6g5h6qscl2zaliw7czza",
                        "attributes": {
                            "compartment_id": "ocid1.compartment.oc1..aaaaaaaalk523m4z2n4lurhyykl3ppptvfhzbnvwswazybysjjtaiykhpwpq",
                            "display_name": "Dockerseclist",
                            "egress_security_rules.#": "2",
                            "egress_security_rules.0.destination": "0.0.0.0/0",
                            "egress_security_rules.0.icmp_options.#": "0",
                            "egress_security_rules.0.protocol": "6",
                            "egress_security_rules.0.stateless": "false",
                            "egress_security_rules.0.tcp_options.#": "0",
                            "egress_security_rules.0.udp_options.#": "0",
                            "egress_security_rules.1.destination": "10.1.0.0/16",
                            "egress_security_rules.1.icmp_options.#": "0",
                            "egress_security_rules.1.protocol": "all",
                            "egress_security_rules.1.stateless": "false",
                            "egress_security_rules.1.tcp_options.#": "0",
                            "egress_security_rules.1.udp_options.#": "0",
                            "id": "ocid1.securitylist.oc1.phx.aaaaaaaazq4kq2ezzjlb23oz3hsl3qtxfxbfyjrt6g5h6qscl2zaliw7czza",
                            "ingress_security_rules.#": "2",
                            "ingress_security_rules.0.icmp_options.#": "0",
                            "ingress_security_rules.0.protocol": "6",
                            "ingress_security_rules.0.source": "0.0.0.0/0",
                            "ingress_security_rules.0.stateless": "false",
                            "ingress_security_rules.0.tcp_options.#": "1",
                            "ingress_security_rules.0.tcp_options.0.max": "22",
                            "ingress_security_rules.0.tcp_options.0.min": "22",
                            "ingress_security_rules.0.udp_options.#": "0",
                            "ingress_security_rules.1.icmp_options.#": "0",
                            "ingress_security_rules.1.protocol": "all",
                            "ingress_security_rules.1.source": "10.1.0.0/16",
                            "ingress_security_rules.1.stateless": "false",
                            "ingress_security_rules.1.tcp_options.#": "0",
                            "ingress_security_rules.1.udp_options.#": "0",
                            "state": "AVAILABLE",
                            "time_created": "2017-04-18 06:53:11.69 +0000 UTC",
                            "vcn_id": "ocid1.vcn.oc1.phx.aaaaaaaavqwu7xpbpgj23iaajqei2yafq3si65lptiaahbxwtn67ijjtbima"
                        },
                        "meta": {},
                        "tainted": false
                    },
                    "deposed": [],
                    "provider": ""
                },
                "baremetal_core_subnet.MasterSubnet": {
                    "type": "baremetal_core_subnet",
                    "depends_on": [
                        "baremetal_core_route_table.RouteForComplete",
                        "baremetal_core_security_list.Dockerseclist",
                        "baremetal_core_virtual_network.CompleteVCN",
                        "data.baremetal_identity_availability_domains.ADs"
                    ],
                    "primary": {
                        "id": "ocid1.subnet.oc1.phx.aaaaaaaaixbb7yhoypp4juqor4z56a2rgpkmxwxknxg3mfge7p6w2hp7hwqa",
                        "attributes": {
                            "availability_domain": "YZAF:PHX-AD-1",
                            "cidr_block": "10.1.1.0/24",
                            "compartment_id": "ocid1.compartment.oc1..aaaaaaaalk523m4z2n4lurhyykl3ppptvfhzbnvwswazybysjjtaiykhpwpq",
                            "dhcp_options_id": "ocid1.dhcpoptions.oc1.phx.aaaaaaaa4yineksftfppnbmpazx7wsmz6dvuxbgqy22lieebp5p5cw44qehq",
                            "display_name": "MasterSubnet",
                            "dns_label": "",
                            "id": "ocid1.subnet.oc1.phx.aaaaaaaaixbb7yhoypp4juqor4z56a2rgpkmxwxknxg3mfge7p6w2hp7hwqa",
                            "route_table_id": "ocid1.routetable.oc1.phx.aaaaaaaaxef2x2cefrhwzqclskuk3qwltrklwdcrpkgfltchab3gkavaryta",
                            "security_list_ids.#": "1",
                            "security_list_ids.3606036383": "ocid1.securitylist.oc1.phx.aaaaaaaazq4kq2ezzjlb23oz3hsl3qtxfxbfyjrt6g5h6qscl2zaliw7czza",
                            "state": "AVAILABLE",
                            "time_created": "2017-04-18 06:53:13.458 +0000 UTC",
                            "vcn_id": "ocid1.vcn.oc1.phx.aaaaaaaavqwu7xpbpgj23iaajqei2yafq3si65lptiaahbxwtn67ijjtbima",
                            "virtual_router_ip": "10.1.1.1",
                            "virtual_router_mac": "00:00:17:C6:25:14"
                        },
                        "meta": {},
                        "tainted": false
                    },
                    "deposed": [],
                    "provider": ""
                },
                "baremetal_core_subnet.MinionSubnet": {
                    "type": "baremetal_core_subnet",
                    "depends_on": [
                        "baremetal_core_route_table.RouteForComplete",
                        "baremetal_core_security_list.Dockerseclist",
                        "baremetal_core_virtual_network.CompleteVCN",
                        "data.baremetal_identity_availability_domains.ADs"
                    ],
                    "primary": {
                        "id": "ocid1.subnet.oc1.phx.aaaaaaaaxdqydhbjwmzzjyqnil3rneydoja7f6rave64mx3k7rokpmedtutq",
                        "attributes": {
                            "availability_domain": "YZAF:PHX-AD-2",
                            "cidr_block": "10.1.2.0/24",
                            "compartment_id": "ocid1.compartment.oc1..aaaaaaaalk523m4z2n4lurhyykl3ppptvfhzbnvwswazybysjjtaiykhpwpq",
                            "dhcp_options_id": "ocid1.dhcpoptions.oc1.phx.aaaaaaaa4yineksftfppnbmpazx7wsmz6dvuxbgqy22lieebp5p5cw44qehq",
                            "display_name": "MinionSubnet",
                            "dns_label": "",
                            "id": "ocid1.subnet.oc1.phx.aaaaaaaaxdqydhbjwmzzjyqnil3rneydoja7f6rave64mx3k7rokpmedtutq",
                            "route_table_id": "ocid1.routetable.oc1.phx.aaaaaaaaxef2x2cefrhwzqclskuk3qwltrklwdcrpkgfltchab3gkavaryta",
                            "security_list_ids.#": "1",
                            "security_list_ids.3606036383": "ocid1.securitylist.oc1.phx.aaaaaaaazq4kq2ezzjlb23oz3hsl3qtxfxbfyjrt6g5h6qscl2zaliw7czza",
                            "state": "AVAILABLE",
                            "time_created": "2017-04-18 06:53:13.447 +0000 UTC",
                            "vcn_id": "ocid1.vcn.oc1.phx.aaaaaaaavqwu7xpbpgj23iaajqei2yafq3si65lptiaahbxwtn67ijjtbima",
                            "virtual_router_ip": "10.1.2.1",
                            "virtual_router_mac": "00:00:17:C6:25:14"
                        },
                        "meta": {},
                        "tainted": false
                    },
                    "deposed": [],
                    "provider": ""
                },
                "baremetal_core_virtual_network.CompleteVCN": {
                    "type": "baremetal_core_virtual_network",
                    "depends_on": [],
                    "primary": {
                        "id": "ocid1.vcn.oc1.phx.aaaaaaaavqwu7xpbpgj23iaajqei2yafq3si65lptiaahbxwtn67ijjtbima",
                        "attributes": {
                            "cidr_block": "10.1.0.0/16",
                            "compartment_id": "ocid1.compartment.oc1..aaaaaaaalk523m4z2n4lurhyykl3ppptvfhzbnvwswazybysjjtaiykhpwpq",
                            "default_route_table_id": "ocid1.routetable.oc1.phx.aaaaaaaapcf5x7a476oaxg7tkspvtlokl7vvawznavc2ovk3eeuknl7fxuxq",
                            "default_security_list_id": "ocid1.securitylist.oc1.phx.aaaaaaaayhpdfyqx2k3tzmfe3qfjv7h2movr7bocsukloet2gr4mpjpxi7sa",
                            "display_name": "DockerVCN",
                            "id": "ocid1.vcn.oc1.phx.aaaaaaaavqwu7xpbpgj23iaajqei2yafq3si65lptiaahbxwtn67ijjtbima",
                            "state": "AVAILABLE",
                            "time_created": "2017-04-18 06:53:10.575 +0000 UTC"
                        },
                        "meta": {},
                        "tainted": false
                    },
                    "deposed": [],
                    "provider": ""
                },
                "data.baremetal_core_images.OLImageOCID": {
                    "type": "baremetal_core_images",
                    "depends_on": [],
                    "primary": {
                        "id": "2017-04-18 06:50:09.042954387 +0000 UTC",
                        "attributes": {
                            "compartment_id": "ocid1.compartment.oc1..aaaaaaaalk523m4z2n4lurhyykl3ppptvfhzbnvwswazybysjjtaiykhpwpq",
                            "id": "2017-04-18 06:50:09.042954387 +0000 UTC",
                            "images.#": "1",
                            "images.0.base_image_id": "",
                            "images.0.compartment_id": "",
                            "images.0.create_image_allowed": "true",
                            "images.0.display_name": "CentOS-7-2017.02.02-2",
                            "images.0.id": "ocid1.image.oc1.phx.aaaaaaaazt3sfrz2lfbha6okihvh4bwaufikhilhsek43hpvzxitl47nv2bq",
                            "images.0.instance_id": "",
                            "images.0.operating_system": "CentOS",
                            "images.0.operating_system_version": "7",
                            "images.0.state": "AVAILABLE",
                            "images.0.time_created": "2017-02-03 03:02:50.919 +0000 UTC",
                            "operating_system": "CentOS",
                            "operating_system_version": "7"
                        },
                        "meta": {},
                        "tainted": false
                    },
                    "deposed": [],
                    "provider": ""
                },
                "data.baremetal_core_vnic.MasterVnic": {
                    "type": "baremetal_core_vnic",
                    "depends_on": [
                        "data.baremetal_core_vnic_attachments.MasterVnics"
                    ],
                    "primary": {
                        "id": "ocid1.vnic.oc1.phx.abyhqljso5vldn5la2beispc7n3gpitbuam5wxbzeqgej2nwzu7yyhr3hwlq",
                        "attributes": {
                            "availability_domain": "YZAF:PHX-AD-1",
                            "compartment_id": "ocid1.compartment.oc1..aaaaaaaalk523m4z2n4lurhyykl3ppptvfhzbnvwswazybysjjtaiykhpwpq",
                            "display_name": "Docker Master",
                            "id": "ocid1.vnic.oc1.phx.abyhqljso5vldn5la2beispc7n3gpitbuam5wxbzeqgej2nwzu7yyhr3hwlq",
                            "private_ip_address": "10.1.1.2",
                            "public_ip_address": "129.146.24.94",
                            "state": "AVAILABLE",
                            "subnet_id": "ocid1.subnet.oc1.phx.aaaaaaaaixbb7yhoypp4juqor4z56a2rgpkmxwxknxg3mfge7p6w2hp7hwqa",
                            "vnic_id": "ocid1.vnic.oc1.phx.abyhqljso5vldn5la2beispc7n3gpitbuam5wxbzeqgej2nwzu7yyhr3hwlq"
                        },
                        "meta": {},
                        "tainted": false
                    },
                    "deposed": [],
                    "provider": ""
                },
                "data.baremetal_core_vnic.MinionVnic": {
                    "type": "baremetal_core_vnic",
                    "depends_on": [
                        "data.baremetal_core_vnic_attachments.MinionVnics"
                    ],
                    "primary": {
                        "id": "ocid1.vnic.oc1.phx.abyhqljrtwc2kfwuszt5p6di45ae2by7dmgsurj42fh4kwnuuri43nt2dwdq",
                        "attributes": {
                            "availability_domain": "YZAF:PHX-AD-2",
                            "compartment_id": "ocid1.compartment.oc1..aaaaaaaalk523m4z2n4lurhyykl3ppptvfhzbnvwswazybysjjtaiykhpwpq",
                            "display_name": "Minion",
                            "id": "ocid1.vnic.oc1.phx.abyhqljrtwc2kfwuszt5p6di45ae2by7dmgsurj42fh4kwnuuri43nt2dwdq",
                            "private_ip_address": "10.1.2.2",
                            "public_ip_address": "129.146.20.129",
                            "state": "AVAILABLE",
                            "subnet_id": "ocid1.subnet.oc1.phx.aaaaaaaaxdqydhbjwmzzjyqnil3rneydoja7f6rave64mx3k7rokpmedtutq",
                            "vnic_id": "ocid1.vnic.oc1.phx.abyhqljrtwc2kfwuszt5p6di45ae2by7dmgsurj42fh4kwnuuri43nt2dwdq"
                        },
                        "meta": {},
                        "tainted": false
                    },
                    "deposed": [],
                    "provider": ""
                },
                "data.baremetal_core_vnic_attachments.MasterVnics": {
                    "type": "baremetal_core_vnic_attachments",
                    "depends_on": [
                        "baremetal_core_instance.Master",
                        "data.baremetal_identity_availability_domains.ADs"
                    ],
                    "primary": {
                        "id": "2017-04-18 06:51:10.317274948 +0000 UTC",
                        "attributes": {
                            "availability_domain": "YZAF:PHX-AD-1",
                            "compartment_id": "ocid1.compartment.oc1..aaaaaaaalk523m4z2n4lurhyykl3ppptvfhzbnvwswazybysjjtaiykhpwpq",
                            "id": "2017-04-18 06:51:10.317274948 +0000 UTC",
                            "instance_id": "ocid1.instance.oc1.phx.abyhqljs6d2szogcq5mf3jfw5bubfkihymezdqhk7gncoxaxloqzt4ylroyq",
                            "vnic_attachments.#": "1",
                            "vnic_attachments.0.availability_domain": "YZAF:PHX-AD-1",
                            "vnic_attachments.0.compartment_id": "ocid1.compartment.oc1..aaaaaaaalk523m4z2n4lurhyykl3ppptvfhzbnvwswazybysjjtaiykhpwpq",
                            "vnic_attachments.0.display_name": "",
                            "vnic_attachments.0.id": "ocid1.vnicattachment.oc1.phx.abyhqljswt675jyq7opz5qucnzcljevhuwxtzlddiuejnmbrmpjzplqwrifq",
                            "vnic_attachments.0.instance_id": "ocid1.instance.oc1.phx.abyhqljs6d2szogcq5mf3jfw5bubfkihymezdqhk7gncoxaxloqzt4ylroyq",
                            "vnic_attachments.0.state": "ATTACHED",
                            "vnic_attachments.0.subnet_id": "ocid1.subnet.oc1.phx.aaaaaaaaixbb7yhoypp4juqor4z56a2rgpkmxwxknxg3mfge7p6w2hp7hwqa",
                            "vnic_attachments.0.time_created": "Tue, 18 Apr 2017 06:53:19 UTC",
                            "vnic_attachments.0.vnic_id": "ocid1.vnic.oc1.phx.abyhqljso5vldn5la2beispc7n3gpitbuam5wxbzeqgej2nwzu7yyhr3hwlq"
                        },
                        "meta": {},
                        "tainted": false
                    },
                    "deposed": [],
                    "provider": ""
                },
                "data.baremetal_core_vnic_attachments.MinionVnics": {
                    "type": "baremetal_core_vnic_attachments",
                    "depends_on": [
                        "baremetal_core_instance.Minion",
                        "data.baremetal_identity_availability_domains.ADs"
                    ],
                    "primary": {
                        "id": "2017-04-18 06:51:09.960524649 +0000 UTC",
                        "attributes": {
                            "availability_domain": "YZAF:PHX-AD-2",
                            "compartment_id": "ocid1.compartment.oc1..aaaaaaaalk523m4z2n4lurhyykl3ppptvfhzbnvwswazybysjjtaiykhpwpq",
                            "id": "2017-04-18 06:51:09.960524649 +0000 UTC",
                            "instance_id": "ocid1.instance.oc1.phx.abyhqljrk7hbgicuvfjnfho5xw3ok6crzqi24ddftjqjkvtwkcrdncpjrnwa",
                            "vnic_attachments.#": "1",
                            "vnic_attachments.0.availability_domain": "YZAF:PHX-AD-2",
                            "vnic_attachments.0.compartment_id": "ocid1.compartment.oc1..aaaaaaaalk523m4z2n4lurhyykl3ppptvfhzbnvwswazybysjjtaiykhpwpq",
                            "vnic_attachments.0.display_name": "",
                            "vnic_attachments.0.id": "ocid1.vnicattachment.oc1.phx.abyhqljrxd6by5tgjrij2bwgbw4dy32rawakyjl5knrsbvtlmllm2sxu2zma",
                            "vnic_attachments.0.instance_id": "ocid1.instance.oc1.phx.abyhqljrk7hbgicuvfjnfho5xw3ok6crzqi24ddftjqjkvtwkcrdncpjrnwa",
                            "vnic_attachments.0.state": "ATTACHED",
                            "vnic_attachments.0.subnet_id": "ocid1.subnet.oc1.phx.aaaaaaaaxdqydhbjwmzzjyqnil3rneydoja7f6rave64mx3k7rokpmedtutq",
                            "vnic_attachments.0.time_created": "Tue, 18 Apr 2017 06:53:21 UTC",
                            "vnic_attachments.0.vnic_id": "ocid1.vnic.oc1.phx.abyhqljrtwc2kfwuszt5p6di45ae2by7dmgsurj42fh4kwnuuri43nt2dwdq"
                        },
                        "meta": {},
                        "tainted": false
                    },
                    "deposed": [],
                    "provider": ""
                },
                "data.baremetal_identity_availability_domains.ADs": {
                    "type": "baremetal_identity_availability_domains",
                    "depends_on": [],
                    "primary": {
                        "id": "2017-04-18 06:50:09.734236323 +0000 UTC",
                        "attributes": {
                            "availability_domains.#": "3",
                            "availability_domains.0.compartment_id": "ocid1.tenancy.oc1..aaaaaaaaqjvww6xclqb3ra3ir5l22vj3yxagbgg4uglrpeyawk4gazip2eva",
                            "availability_domains.0.name": "YZAF:PHX-AD-1",
                            "availability_domains.1.compartment_id": "ocid1.tenancy.oc1..aaaaaaaaqjvww6xclqb3ra3ir5l22vj3yxagbgg4uglrpeyawk4gazip2eva",
                            "availability_domains.1.name": "YZAF:PHX-AD-2",
                            "availability_domains.2.compartment_id": "ocid1.tenancy.oc1..aaaaaaaaqjvww6xclqb3ra3ir5l22vj3yxagbgg4uglrpeyawk4gazip2eva",
                            "availability_domains.2.name": "YZAF:PHX-AD-3",
                            "compartment_id": "ocid1.tenancy.oc1..aaaaaaaaqjvww6xclqb3ra3ir5l22vj3yxagbgg4uglrpeyawk4gazip2eva",
                            "id": "2017-04-18 06:50:09.734236323 +0000 UTC"
                        },
                        "meta": {},
                        "tainted": false
                    },
                    "deposed": [],
                    "provider": ""
                },
                "null_resource.remote-exec-master": {
                    "type": "null_resource",
                    "depends_on": [
                        "baremetal_core_instance.Master",
                        "data.baremetal_core_vnic.MasterVnic"
                    ],
                    "primary": {
                        "id": "128412602300696986",
                        "attributes": {
                            "id": "128412602300696986"
                        },
                        "meta": {},
                        "tainted": false
                    },
                    "deposed": [],
                    "provider": ""
                },
                "null_resource.remote-exec-minion": {
                    "type": "null_resource",
                    "depends_on": [
                        "baremetal_core_instance.Minion",
                        "data.baremetal_core_vnic.MinionVnic"
                    ],
                    "primary": {
                        "id": "5215818368305310092",
                        "attributes": {
                            "id": "5215818368305310092"
                        },
                        "meta": {},
                        "tainted": false
                    },
                    "deposed": [],
                    "provider": ""
                }
            },
            "depends_on": []
        }
    ]
}
