{
    "version": 3,
    "terraform_version": "0.8.8",
    "serial": 2,
    "lineage": "69e9ccd5-87d0-4a3d-9516-a0d15661f357",
    "modules": [
        {
            "path": [
                "root"
            ],
            "outputs": {},
            "resources": {
                "baremetal_core_internet_gateway.CompleteIG": {
                    "type": "baremetal_core_internet_gateway",
                    "depends_on": [
                        "baremetal_core_virtual_network.CompleteVCN"
                    ],
                    "primary": {
                        "id": "ocid1.internetgateway.oc1.phx.aaaaaaaag3cbpafvujg6uaqu3p5qxwwekxddbn36oyd6mombt77uh6aqx5xa",
                        "attributes": {
                            "compartment_id": "ocid1.compartment.oc1..aaaaaaaalk523m4z2n4lurhyykl3ppptvfhzbnvwswazybysjjtaiykhpwpq",
                            "display_name": "DockerIG",
                            "enabled": "true",
                            "id": "ocid1.internetgateway.oc1.phx.aaaaaaaag3cbpafvujg6uaqu3p5qxwwekxddbn36oyd6mombt77uh6aqx5xa",
                            "state": "AVAILABLE",
                            "time_created": "2017-04-18 01:21:26.814 +0000 UTC",
                            "time_modified": "0001-01-01 00:00:00 +0000 UTC",
                            "vcn_id": "ocid1.vcn.oc1.phx.aaaaaaaaoy72ysngsoil7jldntcfkgu4k5p4tjbvix4hhrv7525j6q7ifgbq"
                        },
                        "meta": {},
                        "tainted": false
                    },
                    "deposed": [],
                    "provider": ""
                },
                "baremetal_core_route_table.RouteForComplete": {
                    "type": "baremetal_core_route_table",
                    "depends_on": [
                        "baremetal_core_internet_gateway.CompleteIG",
                        "baremetal_core_virtual_network.CompleteVCN"
                    ],
                    "primary": {
                        "id": "ocid1.routetable.oc1.phx.aaaaaaaani6itswlp7t5g3pc6wsrenyyhg6xutjd2527rerqs2rjonnlmuiq",
                        "attributes": {
                            "compartment_id": "ocid1.compartment.oc1..aaaaaaaalk523m4z2n4lurhyykl3ppptvfhzbnvwswazybysjjtaiykhpwpq",
                            "display_name": "RouteTableForDocker",
                            "id": "ocid1.routetable.oc1.phx.aaaaaaaani6itswlp7t5g3pc6wsrenyyhg6xutjd2527rerqs2rjonnlmuiq",
                            "route_rules.#": "1",
                            "route_rules.0.cidr_block": "0.0.0.0/0",
                            "route_rules.0.network_entity_id": "ocid1.internetgateway.oc1.phx.aaaaaaaag3cbpafvujg6uaqu3p5qxwwekxddbn36oyd6mombt77uh6aqx5xa",
                            "state": "AVAILABLE",
                            "time_created": "2017-04-18 01:21:27.567 +0000 UTC",
                            "time_modified": "0001-01-01 00:00:00 +0000 UTC",
                            "vcn_id": "ocid1.vcn.oc1.phx.aaaaaaaaoy72ysngsoil7jldntcfkgu4k5p4tjbvix4hhrv7525j6q7ifgbq"
                        },
                        "meta": {},
                        "tainted": false
                    },
                    "deposed": [],
                    "provider": ""
                },
                "baremetal_core_virtual_network.CompleteVCN": {
                    "type": "baremetal_core_virtual_network",
                    "depends_on": [],
                    "primary": {
                        "id": "ocid1.vcn.oc1.phx.aaaaaaaaoy72ysngsoil7jldntcfkgu4k5p4tjbvix4hhrv7525j6q7ifgbq",
                        "attributes": {
                            "cidr_block": "10.1.0.0/16",
                            "compartment_id": "ocid1.compartment.oc1..aaaaaaaalk523m4z2n4lurhyykl3ppptvfhzbnvwswazybysjjtaiykhpwpq",
                            "default_route_table_id": "ocid1.routetable.oc1.phx.aaaaaaaavop7zmhhbdgtw7ysjbeuiutgywcgnpcx3jtbyuba4gsnu4jumuia",
                            "default_security_list_id": "ocid1.securitylist.oc1.phx.aaaaaaaaniihh2naydv3rxwrxvrpo6ssmjnlgdmtaz3tyqspdussmjmlo25a",
                            "display_name": "DockerVCN",
                            "id": "ocid1.vcn.oc1.phx.aaaaaaaaoy72ysngsoil7jldntcfkgu4k5p4tjbvix4hhrv7525j6q7ifgbq",
                            "state": "AVAILABLE",
                            "time_created": "2017-04-18 01:21:24.958 +0000 UTC"
                        },
                        "meta": {},
                        "tainted": false
                    },
                    "deposed": [],
                    "provider": ""
                },
                "data.baremetal_core_images.OLImageOCID": {
                    "type": "baremetal_core_images",
                    "depends_on": [],
                    "primary": {
                        "id": "2017-04-18 01:21:23.417930368 +0000 UTC",
                        "attributes": {
                            "compartment_id": "ocid1.compartment.oc1..aaaaaaaalk523m4z2n4lurhyykl3ppptvfhzbnvwswazybysjjtaiykhpwpq",
                            "id": "2017-04-18 01:21:23.417930368 +0000 UTC",
                            "images.#": "1",
                            "images.0.base_image_id": "",
                            "images.0.compartment_id": "",
                            "images.0.create_image_allowed": "true",
                            "images.0.display_name": "CentOS-7-2017.02.02-2",
                            "images.0.id": "ocid1.image.oc1.phx.aaaaaaaazt3sfrz2lfbha6okihvh4bwaufikhilhsek43hpvzxitl47nv2bq",
                            "images.0.instance_id": "",
                            "images.0.operating_system": "CentOS",
                            "images.0.operating_system_version": "7",
                            "images.0.state": "AVAILABLE",
                            "images.0.time_created": "2017-02-03 03:02:50.919 +0000 UTC",
                            "operating_system": "CentOS",
                            "operating_system_version": "7"
                        },
                        "meta": {},
                        "tainted": false
                    },
                    "deposed": [],
                    "provider": ""
                },
                "data.baremetal_identity_availability_domains.ADs": {
                    "type": "baremetal_identity_availability_domains",
                    "depends_on": [],
                    "primary": {
                        "id": "2017-04-18 01:21:23.401512719 +0000 UTC",
                        "attributes": {
                            "availability_domains.#": "3",
                            "availability_domains.0.compartment_id": "ocid1.tenancy.oc1..aaaaaaaaqjvww6xclqb3ra3ir5l22vj3yxagbgg4uglrpeyawk4gazip2eva",
                            "availability_domains.0.name": "YZAF:PHX-AD-1",
                            "availability_domains.1.compartment_id": "ocid1.tenancy.oc1..aaaaaaaaqjvww6xclqb3ra3ir5l22vj3yxagbgg4uglrpeyawk4gazip2eva",
                            "availability_domains.1.name": "YZAF:PHX-AD-2",
                            "availability_domains.2.compartment_id": "ocid1.tenancy.oc1..aaaaaaaaqjvww6xclqb3ra3ir5l22vj3yxagbgg4uglrpeyawk4gazip2eva",
                            "availability_domains.2.name": "YZAF:PHX-AD-3",
                            "compartment_id": "ocid1.tenancy.oc1..aaaaaaaaqjvww6xclqb3ra3ir5l22vj3yxagbgg4uglrpeyawk4gazip2eva",
                            "id": "2017-04-18 01:21:23.401512719 +0000 UTC"
                        },
                        "meta": {},
                        "tainted": false
                    },
                    "deposed": [],
                    "provider": ""
                }
            },
            "depends_on": []
        }
    ]
}
