{
    "version": 3,
    "terraform_version": "0.8.8",
    "serial": 3,
    "lineage": "69e9ccd5-87d0-4a3d-9516-a0d15661f357",
    "modules": [
        {
            "path": [
                "root"
            ],
            "outputs": {
                "InstancePrivateIP": {
                    "sensitive": false,
                    "type": "list",
                    "value": [
                        "10.1.1.2",
                        "10.1.2.2"
                    ]
                },
                "InstancePublicIP": {
                    "sensitive": false,
                    "type": "list",
                    "value": [
                        "129.146.24.94",
                        "129.146.21.5"
                    ]
                }
            },
            "resources": {
                "baremetal_core_instance.Master": {
                    "type": "baremetal_core_instance",
                    "depends_on": [
                        "baremetal_core_subnet.MasterSubnet",
                        "data.baremetal_core_images.OLImageOCID",
                        "data.baremetal_identity_availability_domains.ADs"
                    ],
                    "primary": {
                        "id": "ocid1.instance.oc1.phx.abyhqljsoadahj23qnliwjp7qsxu4c3kagnd7ml42gx2gvubpkvkup5g4t6a",
                        "attributes": {
                            "availability_domain": "YZAF:PHX-AD-1",
                            "compartment_id": "ocid1.compartment.oc1..aaaaaaaalk523m4z2n4lurhyykl3ppptvfhzbnvwswazybysjjtaiykhpwpq",
                            "display_name": "Docker Master",
                            "id": "ocid1.instance.oc1.phx.abyhqljsoadahj23qnliwjp7qsxu4c3kagnd7ml42gx2gvubpkvkup5g4t6a",
                            "image": "ocid1.image.oc1.phx.aaaaaaaazt3sfrz2lfbha6okihvh4bwaufikhilhsek43hpvzxitl47nv2bq",
                            "metadata.%": "2",
                            "metadata.ssh_authorized_keys": "ssh-rsa AAAAB3NzaC1yc2EAAAADAQABAAABAQDB3x3pMQpo4Pe5WXQ4I1ZAR+QHZse/ka/Qy1BpUxD6pSYeoshRtwI51ltTtpntJ2BlO+llXTccwnIOMaxKytMBgKun4nealRqE46tSpDvZBAoSKr1eR1zuarkh1vqSKiMvCm+QfGAAk86FfFNMArrjk37piocWfmorJVdF5FE9YSjvDKKcGgHNKMxSx4ocy/ZyfpsCnr6FHNwl4QjO4OVDaP0Nqo8L3uPy3dYe+LoI4XVTs2MBMdRTWtdFPN4kck+K2WQmCj4T2weRbz2myyVobR5T4i5/pydSQjs4GihuBHPhSdVEW2AcZ4prWuRKBSg253RIsmft44zF8HvJ5YWF aleigh@aleigh-mac",
                            "metadata.user_data": "IyEvYmluL2Jhc2gKZWNobyAiWXVtIHVwZGF0ZSIKeXVtIHVwZGF0ZSAteQo=",
                            "region": "phx",
                            "shape": "VM.Standard1.2",
                            "state": "RUNNING",
                            "subnet_id": "ocid1.subnet.oc1.phx.aaaaaaaajkjyimxtimf6vmhio4czx3izto52w4xmbdbdo5idiohxkn2h4haa",
                            "time_created": "2017-04-18 01:23:11.445 +0000 UTC"
                        },
                        "meta": {},
                        "tainted": false
                    },
                    "deposed": [],
                    "provider": ""
                },
                "baremetal_core_instance.Minion": {
                    "type": "baremetal_core_instance",
                    "depends_on": [
                        "baremetal_core_subnet.MinionSubnet",
                        "data.baremetal_core_images.OLImageOCID",
                        "data.baremetal_identity_availability_domains.ADs"
                    ],
                    "primary": {
                        "id": "ocid1.instance.oc1.phx.abyhqljroult5dytqzgo3kxaxcd3lvjmlfwqubl7tp2jey5hsapo4m5d4d7a",
                        "attributes": {
                            "availability_domain": "YZAF:PHX-AD-2",
                            "compartment_id": "ocid1.compartment.oc1..aaaaaaaalk523m4z2n4lurhyykl3ppptvfhzbnvwswazybysjjtaiykhpwpq",
                            "display_name": "Minion",
                            "id": "ocid1.instance.oc1.phx.abyhqljroult5dytqzgo3kxaxcd3lvjmlfwqubl7tp2jey5hsapo4m5d4d7a",
                            "image": "ocid1.image.oc1.phx.aaaaaaaazt3sfrz2lfbha6okihvh4bwaufikhilhsek43hpvzxitl47nv2bq",
                            "metadata.%": "2",
                            "metadata.ssh_authorized_keys": "ssh-rsa AAAAB3NzaC1yc2EAAAADAQABAAABAQDB3x3pMQpo4Pe5WXQ4I1ZAR+QHZse/ka/Qy1BpUxD6pSYeoshRtwI51ltTtpntJ2BlO+llXTccwnIOMaxKytMBgKun4nealRqE46tSpDvZBAoSKr1eR1zuarkh1vqSKiMvCm+QfGAAk86FfFNMArrjk37piocWfmorJVdF5FE9YSjvDKKcGgHNKMxSx4ocy/ZyfpsCnr6FHNwl4QjO4OVDaP0Nqo8L3uPy3dYe+LoI4XVTs2MBMdRTWtdFPN4kck+K2WQmCj4T2weRbz2myyVobR5T4i5/pydSQjs4GihuBHPhSdVEW2AcZ4prWuRKBSg253RIsmft44zF8HvJ5YWF aleigh@aleigh-mac",
                            "metadata.user_data": "IyEvYmluL2Jhc2gKZWNobyAiWXVtIHVwZGF0ZSIKeXVtIHVwZGF0ZSAteQo=",
                            "region": "phx",
                            "shape": "VM.Standard1.2",
                            "state": "RUNNING",
                            "subnet_id": "ocid1.subnet.oc1.phx.aaaaaaaap6glogopvbjqgykkvhmrs235youxtn3yx56cnomdynhowzqxqq4q",
                            "time_created": "2017-04-18 01:23:12.143 +0000 UTC"
                        },
                        "meta": {},
                        "tainted": false
                    },
                    "deposed": [],
                    "provider": ""
                },
                "baremetal_core_internet_gateway.CompleteIG": {
                    "type": "baremetal_core_internet_gateway",
                    "depends_on": [
                        "baremetal_core_virtual_network.CompleteVCN"
                    ],
                    "primary": {
                        "id": "ocid1.internetgateway.oc1.phx.aaaaaaaag3cbpafvujg6uaqu3p5qxwwekxddbn36oyd6mombt77uh6aqx5xa",
                        "attributes": {
                            "compartment_id": "ocid1.compartment.oc1..aaaaaaaalk523m4z2n4lurhyykl3ppptvfhzbnvwswazybysjjtaiykhpwpq",
                            "display_name": "DockerIG",
                            "enabled": "true",
                            "id": "ocid1.internetgateway.oc1.phx.aaaaaaaag3cbpafvujg6uaqu3p5qxwwekxddbn36oyd6mombt77uh6aqx5xa",
                            "state": "AVAILABLE",
                            "time_created": "2017-04-18 01:21:26.814 +0000 UTC",
                            "time_modified": "0001-01-01 00:00:00 +0000 UTC",
                            "vcn_id": "ocid1.vcn.oc1.phx.aaaaaaaaoy72ysngsoil7jldntcfkgu4k5p4tjbvix4hhrv7525j6q7ifgbq"
                        },
                        "meta": {},
                        "tainted": false
                    },
                    "deposed": [],
                    "provider": ""
                },
                "baremetal_core_route_table.RouteForComplete": {
                    "type": "baremetal_core_route_table",
                    "depends_on": [
                        "baremetal_core_internet_gateway.CompleteIG",
                        "baremetal_core_virtual_network.CompleteVCN"
                    ],
                    "primary": {
                        "id": "ocid1.routetable.oc1.phx.aaaaaaaani6itswlp7t5g3pc6wsrenyyhg6xutjd2527rerqs2rjonnlmuiq",
                        "attributes": {
                            "compartment_id": "ocid1.compartment.oc1..aaaaaaaalk523m4z2n4lurhyykl3ppptvfhzbnvwswazybysjjtaiykhpwpq",
                            "display_name": "RouteTableForDocker",
                            "id": "ocid1.routetable.oc1.phx.aaaaaaaani6itswlp7t5g3pc6wsrenyyhg6xutjd2527rerqs2rjonnlmuiq",
                            "route_rules.#": "1",
                            "route_rules.0.cidr_block": "0.0.0.0/0",
                            "route_rules.0.network_entity_id": "ocid1.internetgateway.oc1.phx.aaaaaaaag3cbpafvujg6uaqu3p5qxwwekxddbn36oyd6mombt77uh6aqx5xa",
                            "state": "AVAILABLE",
                            "time_created": "2017-04-18 01:21:27.567 +0000 UTC",
                            "time_modified": "0001-01-01 00:00:00 +0000 UTC",
                            "vcn_id": "ocid1.vcn.oc1.phx.aaaaaaaaoy72ysngsoil7jldntcfkgu4k5p4tjbvix4hhrv7525j6q7ifgbq"
                        },
                        "meta": {},
                        "tainted": false
                    },
                    "deposed": [],
                    "provider": ""
                },
                "baremetal_core_security_list.Dockerseclist": {
                    "type": "baremetal_core_security_list",
                    "depends_on": [
                        "baremetal_core_virtual_network.CompleteVCN"
                    ],
                    "primary": {
                        "id": "ocid1.securitylist.oc1.phx.aaaaaaaadbeeqqmlfsdi4qxxh3en5uetuzqih6kukssb5w4hi4vwh3dlrvna",
                        "attributes": {
                            "compartment_id": "ocid1.compartment.oc1..aaaaaaaalk523m4z2n4lurhyykl3ppptvfhzbnvwswazybysjjtaiykhpwpq",
                            "display_name": "Dockerseclist",
                            "egress_security_rules.#": "2",
                            "egress_security_rules.0.destination": "0.0.0.0/0",
                            "egress_security_rules.0.icmp_options.#": "0",
                            "egress_security_rules.0.protocol": "6",
                            "egress_security_rules.0.stateless": "false",
                            "egress_security_rules.0.tcp_options.#": "0",
                            "egress_security_rules.0.udp_options.#": "0",
                            "egress_security_rules.1.destination": "10.1.0.0/16",
                            "egress_security_rules.1.icmp_options.#": "0",
                            "egress_security_rules.1.protocol": "all",
                            "egress_security_rules.1.stateless": "false",
                            "egress_security_rules.1.tcp_options.#": "0",
                            "egress_security_rules.1.udp_options.#": "0",
                            "id": "ocid1.securitylist.oc1.phx.aaaaaaaadbeeqqmlfsdi4qxxh3en5uetuzqih6kukssb5w4hi4vwh3dlrvna",
                            "ingress_security_rules.#": "2",
                            "ingress_security_rules.0.icmp_options.#": "0",
                            "ingress_security_rules.0.protocol": "6",
                            "ingress_security_rules.0.source": "0.0.0.0/0",
                            "ingress_security_rules.0.stateless": "false",
                            "ingress_security_rules.0.tcp_options.#": "1",
                            "ingress_security_rules.0.tcp_options.0.max": "22",
                            "ingress_security_rules.0.tcp_options.0.min": "22",
                            "ingress_security_rules.0.udp_options.#": "0",
                            "ingress_security_rules.1.icmp_options.#": "0",
                            "ingress_security_rules.1.protocol": "6",
                            "ingress_security_rules.1.source": "10.1.0.0/16",
                            "ingress_security_rules.1.stateless": "false",
                            "ingress_security_rules.1.tcp_options.#": "0",
                            "ingress_security_rules.1.udp_options.#": "0",
                            "state": "AVAILABLE",
                            "time_created": "2017-04-18 01:23:09.657 +0000 UTC",
                            "vcn_id": "ocid1.vcn.oc1.phx.aaaaaaaaoy72ysngsoil7jldntcfkgu4k5p4tjbvix4hhrv7525j6q7ifgbq"
                        },
                        "meta": {},
                        "tainted": false
                    },
                    "deposed": [],
                    "provider": ""
                },
                "baremetal_core_subnet.MasterSubnet": {
                    "type": "baremetal_core_subnet",
                    "depends_on": [
                        "baremetal_core_route_table.RouteForComplete",
                        "baremetal_core_security_list.Dockerseclist",
                        "baremetal_core_virtual_network.CompleteVCN",
                        "data.baremetal_identity_availability_domains.ADs"
                    ],
                    "primary": {
                        "id": "ocid1.subnet.oc1.phx.aaaaaaaajkjyimxtimf6vmhio4czx3izto52w4xmbdbdo5idiohxkn2h4haa",
                        "attributes": {
                            "availability_domain": "YZAF:PHX-AD-1",
                            "cidr_block": "10.1.1.0/24",
                            "compartment_id": "ocid1.compartment.oc1..aaaaaaaalk523m4z2n4lurhyykl3ppptvfhzbnvwswazybysjjtaiykhpwpq",
                            "dhcp_options_id": "ocid1.dhcpoptions.oc1.phx.aaaaaaaa4d24ee3y7ki2xhbnr734jyyodbz4mcdgehqincyfr3r6yfjj6wpq",
                            "display_name": "MasterSubnet",
                            "dns_label": "",
                            "id": "ocid1.subnet.oc1.phx.aaaaaaaajkjyimxtimf6vmhio4czx3izto52w4xmbdbdo5idiohxkn2h4haa",
                            "route_table_id": "ocid1.routetable.oc1.phx.aaaaaaaani6itswlp7t5g3pc6wsrenyyhg6xutjd2527rerqs2rjonnlmuiq",
                            "security_list_ids.#": "1",
                            "security_list_ids.3251695410": "ocid1.securitylist.oc1.phx.aaaaaaaadbeeqqmlfsdi4qxxh3en5uetuzqih6kukssb5w4hi4vwh3dlrvna",
                            "state": "AVAILABLE",
                            "time_created": "2017-04-18 01:23:10.431 +0000 UTC",
                            "vcn_id": "ocid1.vcn.oc1.phx.aaaaaaaaoy72ysngsoil7jldntcfkgu4k5p4tjbvix4hhrv7525j6q7ifgbq",
                            "virtual_router_ip": "10.1.1.1",
                            "virtual_router_mac": "00:00:17:55:FB:43"
                        },
                        "meta": {},
                        "tainted": false
                    },
                    "deposed": [],
                    "provider": ""
                },
                "baremetal_core_subnet.MinionSubnet": {
                    "type": "baremetal_core_subnet",
                    "depends_on": [
                        "baremetal_core_route_table.RouteForComplete",
                        "baremetal_core_security_list.Dockerseclist",
                        "baremetal_core_virtual_network.CompleteVCN",
                        "data.baremetal_identity_availability_domains.ADs"
                    ],
                    "primary": {
                        "id": "ocid1.subnet.oc1.phx.aaaaaaaap6glogopvbjqgykkvhmrs235youxtn3yx56cnomdynhowzqxqq4q",
                        "attributes": {
                            "availability_domain": "YZAF:PHX-AD-2",
                            "cidr_block": "10.1.2.0/24",
                            "compartment_id": "ocid1.compartment.oc1..aaaaaaaalk523m4z2n4lurhyykl3ppptvfhzbnvwswazybysjjtaiykhpwpq",
                            "dhcp_options_id": "ocid1.dhcpoptions.oc1.phx.aaaaaaaa4d24ee3y7ki2xhbnr734jyyodbz4mcdgehqincyfr3r6yfjj6wpq",
                            "display_name": "MinionSubnet",
                            "dns_label": "",
                            "id": "ocid1.subnet.oc1.phx.aaaaaaaap6glogopvbjqgykkvhmrs235youxtn3yx56cnomdynhowzqxqq4q",
                            "route_table_id": "ocid1.routetable.oc1.phx.aaaaaaaani6itswlp7t5g3pc6wsrenyyhg6xutjd2527rerqs2rjonnlmuiq",
                            "security_list_ids.#": "1",
                            "security_list_ids.3251695410": "ocid1.securitylist.oc1.phx.aaaaaaaadbeeqqmlfsdi4qxxh3en5uetuzqih6kukssb5w4hi4vwh3dlrvna",
                            "state": "AVAILABLE",
                            "time_created": "2017-04-18 01:23:10.883 +0000 UTC",
                            "vcn_id": "ocid1.vcn.oc1.phx.aaaaaaaaoy72ysngsoil7jldntcfkgu4k5p4tjbvix4hhrv7525j6q7ifgbq",
                            "virtual_router_ip": "10.1.2.1",
                            "virtual_router_mac": "00:00:17:55:FB:43"
                        },
                        "meta": {},
                        "tainted": false
                    },
                    "deposed": [],
                    "provider": ""
                },
                "baremetal_core_virtual_network.CompleteVCN": {
                    "type": "baremetal_core_virtual_network",
                    "depends_on": [],
                    "primary": {
                        "id": "ocid1.vcn.oc1.phx.aaaaaaaaoy72ysngsoil7jldntcfkgu4k5p4tjbvix4hhrv7525j6q7ifgbq",
                        "attributes": {
                            "cidr_block": "10.1.0.0/16",
                            "compartment_id": "ocid1.compartment.oc1..aaaaaaaalk523m4z2n4lurhyykl3ppptvfhzbnvwswazybysjjtaiykhpwpq",
                            "default_route_table_id": "ocid1.routetable.oc1.phx.aaaaaaaavop7zmhhbdgtw7ysjbeuiutgywcgnpcx3jtbyuba4gsnu4jumuia",
                            "default_security_list_id": "ocid1.securitylist.oc1.phx.aaaaaaaaniihh2naydv3rxwrxvrpo6ssmjnlgdmtaz3tyqspdussmjmlo25a",
                            "display_name": "DockerVCN",
                            "id": "ocid1.vcn.oc1.phx.aaaaaaaaoy72ysngsoil7jldntcfkgu4k5p4tjbvix4hhrv7525j6q7ifgbq",
                            "state": "AVAILABLE",
                            "time_created": "2017-04-18 01:21:24.958 +0000 UTC"
                        },
                        "meta": {},
                        "tainted": false
                    },
                    "deposed": [],
                    "provider": ""
                },
                "data.baremetal_core_images.OLImageOCID": {
                    "type": "baremetal_core_images",
                    "depends_on": [],
                    "primary": {
                        "id": "2017-04-18 01:23:07.886929581 +0000 UTC",
                        "attributes": {
                            "compartment_id": "ocid1.compartment.oc1..aaaaaaaalk523m4z2n4lurhyykl3ppptvfhzbnvwswazybysjjtaiykhpwpq",
                            "id": "2017-04-18 01:23:07.886929581 +0000 UTC",
                            "images.#": "1",
                            "images.0.base_image_id": "",
                            "images.0.compartment_id": "",
                            "images.0.create_image_allowed": "true",
                            "images.0.display_name": "CentOS-7-2017.02.02-2",
                            "images.0.id": "ocid1.image.oc1.phx.aaaaaaaazt3sfrz2lfbha6okihvh4bwaufikhilhsek43hpvzxitl47nv2bq",
                            "images.0.instance_id": "",
                            "images.0.operating_system": "CentOS",
                            "images.0.operating_system_version": "7",
                            "images.0.state": "AVAILABLE",
                            "images.0.time_created": "2017-02-03 03:02:50.919 +0000 UTC",
                            "operating_system": "CentOS",
                            "operating_system_version": "7"
                        },
                        "meta": {},
                        "tainted": false
                    },
                    "deposed": [],
                    "provider": ""
                },
                "data.baremetal_core_vnic.MasterVnic": {
                    "type": "baremetal_core_vnic",
                    "depends_on": [
                        "data.baremetal_core_vnic_attachments.MasterVnics"
                    ],
                    "primary": {
                        "id": "ocid1.vnic.oc1.phx.abyhqljsprqhalowqa7lloa6jbrag5344niidoxcltl4slclgdqqmkkghvpq",
                        "attributes": {
                            "availability_domain": "YZAF:PHX-AD-1",
                            "compartment_id": "ocid1.compartment.oc1..aaaaaaaalk523m4z2n4lurhyykl3ppptvfhzbnvwswazybysjjtaiykhpwpq",
                            "display_name": "Docker Master",
                            "id": "ocid1.vnic.oc1.phx.abyhqljsprqhalowqa7lloa6jbrag5344niidoxcltl4slclgdqqmkkghvpq",
                            "private_ip_address": "10.1.1.2",
                            "public_ip_address": "129.146.24.94",
                            "state": "AVAILABLE",
                            "subnet_id": "ocid1.subnet.oc1.phx.aaaaaaaajkjyimxtimf6vmhio4czx3izto52w4xmbdbdo5idiohxkn2h4haa",
                            "vnic_id": "ocid1.vnic.oc1.phx.abyhqljsprqhalowqa7lloa6jbrag5344niidoxcltl4slclgdqqmkkghvpq"
                        },
                        "meta": {},
                        "tainted": false
                    },
                    "deposed": [],
                    "provider": ""
                },
                "data.baremetal_core_vnic.MinionVnic": {
                    "type": "baremetal_core_vnic",
                    "depends_on": [
                        "data.baremetal_core_vnic_attachments.MinionVnics"
                    ],
                    "primary": {
                        "id": "ocid1.vnic.oc1.phx.abyhqljr4fexwojounvtkm3w6a3fgo65fpxwkk37aj27orgmteqjntevslsq",
                        "attributes": {
                            "availability_domain": "YZAF:PHX-AD-2",
                            "compartment_id": "ocid1.compartment.oc1..aaaaaaaalk523m4z2n4lurhyykl3ppptvfhzbnvwswazybysjjtaiykhpwpq",
                            "display_name": "Minion",
                            "id": "ocid1.vnic.oc1.phx.abyhqljr4fexwojounvtkm3w6a3fgo65fpxwkk37aj27orgmteqjntevslsq",
                            "private_ip_address": "10.1.2.2",
                            "public_ip_address": "129.146.21.5",
                            "state": "AVAILABLE",
                            "subnet_id": "ocid1.subnet.oc1.phx.aaaaaaaap6glogopvbjqgykkvhmrs235youxtn3yx56cnomdynhowzqxqq4q",
                            "vnic_id": "ocid1.vnic.oc1.phx.abyhqljr4fexwojounvtkm3w6a3fgo65fpxwkk37aj27orgmteqjntevslsq"
                        },
                        "meta": {},
                        "tainted": false
                    },
                    "deposed": [],
                    "provider": ""
                },
                "data.baremetal_core_vnic_attachments.MasterVnics": {
                    "type": "baremetal_core_vnic_attachments",
                    "depends_on": [
                        "baremetal_core_instance.Master",
                        "data.baremetal_identity_availability_domains.ADs"
                    ],
                    "primary": {
                        "id": "2017-04-18 01:24:07.343256608 +0000 UTC",
                        "attributes": {
                            "availability_domain": "YZAF:PHX-AD-1",
                            "compartment_id": "ocid1.compartment.oc1..aaaaaaaalk523m4z2n4lurhyykl3ppptvfhzbnvwswazybysjjtaiykhpwpq",
                            "id": "2017-04-18 01:24:07.343256608 +0000 UTC",
                            "instance_id": "ocid1.instance.oc1.phx.abyhqljsoadahj23qnliwjp7qsxu4c3kagnd7ml42gx2gvubpkvkup5g4t6a",
                            "vnic_attachments.#": "1",
                            "vnic_attachments.0.availability_domain": "YZAF:PHX-AD-1",
                            "vnic_attachments.0.compartment_id": "ocid1.compartment.oc1..aaaaaaaalk523m4z2n4lurhyykl3ppptvfhzbnvwswazybysjjtaiykhpwpq",
                            "vnic_attachments.0.display_name": "",
                            "vnic_attachments.0.id": "ocid1.vnicattachment.oc1.phx.abyhqljsjk653loj7onotzutm4onawvgdotoubxg5bhoo6kc4a6p5p7wedoa",
                            "vnic_attachments.0.instance_id": "ocid1.instance.oc1.phx.abyhqljsoadahj23qnliwjp7qsxu4c3kagnd7ml42gx2gvubpkvkup5g4t6a",
                            "vnic_attachments.0.state": "ATTACHED",
                            "vnic_attachments.0.subnet_id": "ocid1.subnet.oc1.phx.aaaaaaaajkjyimxtimf6vmhio4czx3izto52w4xmbdbdo5idiohxkn2h4haa",
                            "vnic_attachments.0.time_created": "Tue, 18 Apr 2017 01:23:20 UTC",
                            "vnic_attachments.0.vnic_id": "ocid1.vnic.oc1.phx.abyhqljsprqhalowqa7lloa6jbrag5344niidoxcltl4slclgdqqmkkghvpq"
                        },
                        "meta": {},
                        "tainted": false
                    },
                    "deposed": [],
                    "provider": ""
                },
                "data.baremetal_core_vnic_attachments.MinionVnics": {
                    "type": "baremetal_core_vnic_attachments",
                    "depends_on": [
                        "baremetal_core_instance.Minion",
                        "data.baremetal_identity_availability_domains.ADs"
                    ],
                    "primary": {
                        "id": "2017-04-18 01:23:57.806043481 +0000 UTC",
                        "attributes": {
                            "availability_domain": "YZAF:PHX-AD-2",
                            "compartment_id": "ocid1.compartment.oc1..aaaaaaaalk523m4z2n4lurhyykl3ppptvfhzbnvwswazybysjjtaiykhpwpq",
                            "id": "2017-04-18 01:23:57.806043481 +0000 UTC",
                            "instance_id": "ocid1.instance.oc1.phx.abyhqljroult5dytqzgo3kxaxcd3lvjmlfwqubl7tp2jey5hsapo4m5d4d7a",
                            "vnic_attachments.#": "1",
                            "vnic_attachments.0.availability_domain": "YZAF:PHX-AD-2",
                            "vnic_attachments.0.compartment_id": "ocid1.compartment.oc1..aaaaaaaalk523m4z2n4lurhyykl3ppptvfhzbnvwswazybysjjtaiykhpwpq",
                            "vnic_attachments.0.display_name": "",
                            "vnic_attachments.0.id": "ocid1.vnicattachment.oc1.phx.abyhqljrvbb2hdxssgismfhgw7l2r7kanoerpoviw2kqb77roahgszheh7xa",
                            "vnic_attachments.0.instance_id": "ocid1.instance.oc1.phx.abyhqljroult5dytqzgo3kxaxcd3lvjmlfwqubl7tp2jey5hsapo4m5d4d7a",
                            "vnic_attachments.0.state": "ATTACHED",
                            "vnic_attachments.0.subnet_id": "ocid1.subnet.oc1.phx.aaaaaaaap6glogopvbjqgykkvhmrs235youxtn3yx56cnomdynhowzqxqq4q",
                            "vnic_attachments.0.time_created": "Tue, 18 Apr 2017 01:23:15 UTC",
                            "vnic_attachments.0.vnic_id": "ocid1.vnic.oc1.phx.abyhqljr4fexwojounvtkm3w6a3fgo65fpxwkk37aj27orgmteqjntevslsq"
                        },
                        "meta": {},
                        "tainted": false
                    },
                    "deposed": [],
                    "provider": ""
                },
                "data.baremetal_identity_availability_domains.ADs": {
                    "type": "baremetal_identity_availability_domains",
                    "depends_on": [],
                    "primary": {
                        "id": "2017-04-18 01:23:07.858685465 +0000 UTC",
                        "attributes": {
                            "availability_domains.#": "3",
                            "availability_domains.0.compartment_id": "ocid1.tenancy.oc1..aaaaaaaaqjvww6xclqb3ra3ir5l22vj3yxagbgg4uglrpeyawk4gazip2eva",
                            "availability_domains.0.name": "YZAF:PHX-AD-1",
                            "availability_domains.1.compartment_id": "ocid1.tenancy.oc1..aaaaaaaaqjvww6xclqb3ra3ir5l22vj3yxagbgg4uglrpeyawk4gazip2eva",
                            "availability_domains.1.name": "YZAF:PHX-AD-2",
                            "availability_domains.2.compartment_id": "ocid1.tenancy.oc1..aaaaaaaaqjvww6xclqb3ra3ir5l22vj3yxagbgg4uglrpeyawk4gazip2eva",
                            "availability_domains.2.name": "YZAF:PHX-AD-3",
                            "compartment_id": "ocid1.tenancy.oc1..aaaaaaaaqjvww6xclqb3ra3ir5l22vj3yxagbgg4uglrpeyawk4gazip2eva",
                            "id": "2017-04-18 01:23:07.858685465 +0000 UTC"
                        },
                        "meta": {},
                        "tainted": false
                    },
                    "deposed": [],
                    "provider": ""
                },
                "null_resource.remote-exec-master": {
                    "type": "null_resource",
                    "depends_on": [
                        "baremetal_core_instance.Master",
                        "data.baremetal_core_vnic.MasterVnic"
                    ],
                    "primary": {
                        "id": "2778497714069793733",
                        "attributes": {
                            "id": "2778497714069793733"
                        },
                        "meta": {},
                        "tainted": false
                    },
                    "deposed": [],
                    "provider": ""
                },
                "null_resource.remote-exec-minion": {
                    "type": "null_resource",
                    "depends_on": [
                        "baremetal_core_instance.Minion",
                        "data.baremetal_core_vnic.MinionVnic"
                    ],
                    "primary": {
                        "id": "7813150464098745845",
                        "attributes": {
                            "id": "7813150464098745845"
                        },
                        "meta": {},
                        "tainted": false
                    },
                    "deposed": [],
                    "provider": ""
                }
            },
            "depends_on": []
        }
    ]
}
