{
    "version": 3,
    "terraform_version": "0.8.8",
    "serial": 9,
    "lineage": "69e9ccd5-87d0-4a3d-9516-a0d15661f357",
    "modules": [
        {
            "path": [
                "root"
            ],
            "outputs": {
                "InstancePrivateIP": {
                    "sensitive": false,
                    "type": "list",
                    "value": [
                        "10.1.1.2",
                        "10.1.2.2"
                    ]
                },
                "InstancePublicIP": {
                    "sensitive": false,
                    "type": "list",
                    "value": [
                        "129.146.37.170",
                        "129.146.21.250"
                    ]
                }
            },
            "resources": {
                "baremetal_core_instance.Master": {
                    "type": "baremetal_core_instance",
                    "depends_on": [
                        "baremetal_core_subnet.MasterSubnet",
                        "data.baremetal_core_images.OLImageOCID",
                        "data.baremetal_identity_availability_domains.ADs"
                    ],
                    "primary": {
                        "id": "ocid1.instance.oc1.phx.abyhqljsdldlypmjnlf2zehmanryrct5oekmbdcojffvq75tv553rjmpqwfa",
                        "attributes": {
                            "availability_domain": "YZAF:PHX-AD-1",
                            "compartment_id": "ocid1.compartment.oc1..aaaaaaaalk523m4z2n4lurhyykl3ppptvfhzbnvwswazybysjjtaiykhpwpq",
                            "display_name": "Docker Master",
                            "id": "ocid1.instance.oc1.phx.abyhqljsdldlypmjnlf2zehmanryrct5oekmbdcojffvq75tv553rjmpqwfa",
                            "image": "ocid1.image.oc1.phx.aaaaaaaazt3sfrz2lfbha6okihvh4bwaufikhilhsek43hpvzxitl47nv2bq",
                            "metadata.%": "2",
                            "metadata.ssh_authorized_keys": "ssh-rsa AAAAB3NzaC1yc2EAAAADAQABAAABAQDB3x3pMQpo4Pe5WXQ4I1ZAR+QHZse/ka/Qy1BpUxD6pSYeoshRtwI51ltTtpntJ2BlO+llXTccwnIOMaxKytMBgKun4nealRqE46tSpDvZBAoSKr1eR1zuarkh1vqSKiMvCm+QfGAAk86FfFNMArrjk37piocWfmorJVdF5FE9YSjvDKKcGgHNKMxSx4ocy/ZyfpsCnr6FHNwl4QjO4OVDaP0Nqo8L3uPy3dYe+LoI4XVTs2MBMdRTWtdFPN4kck+K2WQmCj4T2weRbz2myyVobR5T4i5/pydSQjs4GihuBHPhSdVEW2AcZ4prWuRKBSg253RIsmft44zF8HvJ5YWF aleigh@aleigh-mac",
                            "metadata.user_data": "IyEvYmluL2Jhc2gKZWNobyAiWXVtIHVwZGF0ZSIKeXVtIHVwZGF0ZSAteQoKc2V0ZW5mb3JjZSAwCnN5c3RlbWN0bCBzdG9wIGZpcmV3YWxsZApzeXN0ZW1jdGwgZGlzYWJsZSBmaXJld2FsbGQKCndnZXQgLVAgL2V0Yy95dW0ucmVwb3MuZC8gIGh0dHBzOi8vcmF3LmdpdGh1YnVzZXJjb250ZW50LmNvbS9hd2VuYXMvdGVycmFmb3JtZGVtby9tYXN0ZXIvZG9ja2VyLWRlbW8vdmlydDctZG9ja2VyLWNvbW1vbi1yZWxlYXNlLnJlcG8KCnl1bSAteSBpbnN0YWxsIC0tZW5hYmxlcmVwbz12aXJ0Ny1kb2NrZXItY29tbW9uLXJlbGVhc2Uga3ViZXJuZXRlcyBldGNkIGZsYW5uZWwKCndnZXQgaHR0cHM6Ly9yYXcuZ2l0aHVidXNlcmNvbnRlbnQuY29tL2F3ZW5hcy90ZXJyYWZvcm1kZW1vL21hc3Rlci9kb2NrZXItZGVtby9ob3N0cyAtTyAvZXRjL2hvc3RzCgp3Z2V0IGh0dHBzOi8vcmF3LmdpdGh1YnVzZXJjb250ZW50LmNvbS9hd2VuYXMvdGVycmFmb3JtZGVtby9tYXN0ZXIvZG9ja2VyLWRlbW8vbWFzdGVyL2NvbmZpZyAtTyAvZXRjL2t1YmVybmV0ZXMvY29uZmlnCgp3Z2V0IGh0dHBzOi8vcmF3LmdpdGh1YnVzZXJjb250ZW50LmNvbS9hd2VuYXMvdGVycmFmb3JtZGVtby9tYXN0ZXIvZG9ja2VyLWRlbW8vbWFzdGVyL2V0Y2QuY29uZiAtTyAvZXRjL2V0Y2QvZXRjZC5jb25mCgp3Z2V0IGh0dHBzOi8vcmF3LmdpdGh1YnVzZXJjb250ZW50LmNvbS9hd2VuYXMvdGVycmFmb3JtZGVtby9tYXN0ZXIvZG9ja2VyLWRlbW8vbWFzdGVyL2FwaXNlcnZlciAtTyAvZXRjL2t1YmVybmV0ZXMvYXBpc2VydmVyCgpzeXN0ZW1jdGwgc3RhcnQgZXRjZApldGNkY3RsIG1rZGlyIC9rdWJlLWNlbnRvcy9uZXR3b3JrCmV0Y2RjdGwgbWsgL2t1YmUtY2VudG9zL25ldHdvcmsvY29uZmlnICJ7IFwiTmV0d29ya1wiOiBcIjE3Mi4zMC4wLjAvMTZcIiwgXCJTdWJuZXRMZW5cIjogMjQsIFwiQmFja2VuZFwiOiB7IFwiVHlwZVwiOiBcInZ4bGFuXCIgfSB9IgoKd2dldCBodHRwczovL3Jhdy5naXRodWJ1c2VyY29udGVudC5jb20vYXdlbmFzL3RlcnJhZm9ybWRlbW8vbWFzdGVyL2RvY2tlci1kZW1vL21hc3Rlci9mbGFubmVsZCAtTyAvZXRjL3N5c2NvbmZpZy9mbGFubmVsZAoKZm9yIFNFUlZJQ0VTIGluIGV0Y2Qga3ViZS1hcGlzZXJ2ZXIga3ViZS1jb250cm9sbGVyLW1hbmFnZXIga3ViZS1zY2hlZHVsZXIgZmxhbm5lbGQ7IGRvCiAgICBzeXN0ZW1jdGwgcmVzdGFydCAkU0VSVklDRVMKICAgIHN5c3RlbWN0bCBlbmFibGUgJFNFUlZJQ0VTCiAgICBzeXN0ZW1jdGwgc3RhdHVzICRTRVJWSUNFUwpkb25lCg==",
                            "region": "phx",
                            "shape": "VM.Standard1.2",
                            "state": "RUNNING",
                            "subnet_id": "ocid1.subnet.oc1.phx.aaaaaaaaugl7jxql6z47kh2gbv477jocdmfphlplwgtgf3435r464szyjvha",
                            "time_created": "2017-04-18 10:30:41.266 +0000 UTC"
                        },
                        "meta": {},
                        "tainted": false
                    },
                    "deposed": [],
                    "provider": ""
                },
                "baremetal_core_instance.Minion": {
                    "type": "baremetal_core_instance",
                    "depends_on": [
                        "baremetal_core_subnet.MinionSubnet",
                        "data.baremetal_core_images.OLImageOCID",
                        "data.baremetal_identity_availability_domains.ADs"
                    ],
                    "primary": {
                        "id": "ocid1.instance.oc1.phx.abyhqljrb54u6v5moguyp5tvodzy2nbr44gfsxlok5m3ltluhe7h5pehldka",
                        "attributes": {
                            "availability_domain": "YZAF:PHX-AD-2",
                            "compartment_id": "ocid1.compartment.oc1..aaaaaaaalk523m4z2n4lurhyykl3ppptvfhzbnvwswazybysjjtaiykhpwpq",
                            "display_name": "Minion",
                            "id": "ocid1.instance.oc1.phx.abyhqljrb54u6v5moguyp5tvodzy2nbr44gfsxlok5m3ltluhe7h5pehldka",
                            "image": "ocid1.image.oc1.phx.aaaaaaaazt3sfrz2lfbha6okihvh4bwaufikhilhsek43hpvzxitl47nv2bq",
                            "metadata.%": "2",
                            "metadata.ssh_authorized_keys": "ssh-rsa AAAAB3NzaC1yc2EAAAADAQABAAABAQDB3x3pMQpo4Pe5WXQ4I1ZAR+QHZse/ka/Qy1BpUxD6pSYeoshRtwI51ltTtpntJ2BlO+llXTccwnIOMaxKytMBgKun4nealRqE46tSpDvZBAoSKr1eR1zuarkh1vqSKiMvCm+QfGAAk86FfFNMArrjk37piocWfmorJVdF5FE9YSjvDKKcGgHNKMxSx4ocy/ZyfpsCnr6FHNwl4QjO4OVDaP0Nqo8L3uPy3dYe+LoI4XVTs2MBMdRTWtdFPN4kck+K2WQmCj4T2weRbz2myyVobR5T4i5/pydSQjs4GihuBHPhSdVEW2AcZ4prWuRKBSg253RIsmft44zF8HvJ5YWF aleigh@aleigh-mac",
                            "metadata.user_data": "IyEvYmluL2Jhc2gKZWNobyAiWXVtIHVwZGF0ZSIKeXVtIHVwZGF0ZSAteQoKc2V0ZW5mb3JjZSAwCnN5c3RlbWN0bCBzdG9wIGZpcmV3YWxsZApzeXN0ZW1jdGwgZGlzYWJsZSBmaXJld2FsbGQKCndnZXQgLVAgL2V0Yy95dW0ucmVwb3MuZC8gIGh0dHBzOi8vcmF3LmdpdGh1YnVzZXJjb250ZW50LmNvbS9hd2VuYXMvdGVycmFmb3JtZGVtby9tYXN0ZXIvZG9ja2VyLWRlbW8vdmlydDctZG9ja2VyLWNvbW1vbi1yZWxlYXNlLnJlcG8KCnl1bSAteSBpbnN0YWxsIC0tZW5hYmxlcmVwbz12aXJ0Ny1kb2NrZXItY29tbW9uLXJlbGVhc2Uga3ViZXJuZXRlcyBldGNkIGZsYW5uZWwKCndnZXQgaHR0cHM6Ly9yYXcuZ2l0aHVidXNlcmNvbnRlbnQuY29tL2F3ZW5hcy90ZXJyYWZvcm1kZW1vL21hc3Rlci9kb2NrZXItZGVtby9ob3N0cyAtTyAvZXRjL2hvc3RzCgp3Z2V0IGh0dHBzOi8vcmF3LmdpdGh1YnVzZXJjb250ZW50LmNvbS9hd2VuYXMvdGVycmFmb3JtZGVtby9tYXN0ZXIvZG9ja2VyLWRlbW8vbWluaW9uL2t1YmVsZXQgLU8gIC9ldGMva3ViZXJuZXRlcy9rdWJlbGV0IAoKd2dldCBodHRwczovL3Jhdy5naXRodWJ1c2VyY29udGVudC5jb20vYXdlbmFzL3RlcnJhZm9ybWRlbW8vbWFzdGVyL2RvY2tlci1kZW1vL21hc3Rlci9mbGFubmVsZCAtTyAvZXRjL3N5c2NvbmZpZy9mbGFubmVsZAoKbWtmaWxlIDFHIC92YXIvbGliL2RvY2tlcl9maWxlCgp3Z2V0IGh0dHBzOi8vcmF3LmdpdGh1YnVzZXJjb250ZW50LmNvbS9hd2VuYXMvdGVycmFmb3JtZGVtby9taW5pb24vZG9ja2VyLWRlbW8vbWluaW9uL2RvY2tlci1zdG9yYWdlLXNldHVwIC1PIC9ldGMvc3lzY29uZmlnL2RvY2tlci1zdG9yYWdlLXNldHVwCgpmb3IgU0VSVklDRVMgaW4ga3ViZS1wcm94eSBrdWJlbGV0IGZsYW5uZWxkIGRvY2tlcjsgZG8KICAgIHN5c3RlbWN0bCByZXN0YXJ0ICRTRVJWSUNFUwogICAgc3lzdGVtY3RsIGVuYWJsZSAkU0VSVklDRVMKICAgIHN5c3RlbWN0bCBzdGF0dXMgJFNFUlZJQ0VTCmRvbmUKCmt1YmVjdGwgY29uZmlnIHNldC1jbHVzdGVyIGRlZmF1bHQtY2x1c3RlciAtLXNlcnZlcj1odHRwOi8vY2VudG9zLW1hc3Rlcjo4MDgwCmt1YmVjdGwgY29uZmlnIHNldC1jb250ZXh0IGRlZmF1bHQtY29udGV4dCAtLWNsdXN0ZXI9ZGVmYXVsdC1jbHVzdGVyIC0tdXNlcj1kZWZhdWx0LWFkbWluCmt1YmVjdGwgY29uZmlnIHVzZS1jb250ZXh0IGRlZmF1bHQtY29udGV4dAo=",
                            "region": "phx",
                            "shape": "VM.Standard1.2",
                            "state": "RUNNING",
                            "subnet_id": "ocid1.subnet.oc1.phx.aaaaaaaal26mnpb32zqqzwpn5d7zukvwpgiwd2wmq4gcjj3vbj7fien455na",
                            "time_created": "2017-04-18 10:30:41.26 +0000 UTC"
                        },
                        "meta": {},
                        "tainted": false
                    },
                    "deposed": [],
                    "provider": ""
                },
                "baremetal_core_internet_gateway.CompleteIG": {
                    "type": "baremetal_core_internet_gateway",
                    "depends_on": [
                        "baremetal_core_virtual_network.CompleteVCN"
                    ],
                    "primary": {
                        "id": "ocid1.internetgateway.oc1.phx.aaaaaaaacinguaewdb6yvcqedtq2p4ayijtdyjo33age6t555x7z3rulhrda",
                        "attributes": {
                            "compartment_id": "ocid1.compartment.oc1..aaaaaaaalk523m4z2n4lurhyykl3ppptvfhzbnvwswazybysjjtaiykhpwpq",
                            "display_name": "DockerIG",
                            "enabled": "true",
                            "id": "ocid1.internetgateway.oc1.phx.aaaaaaaacinguaewdb6yvcqedtq2p4ayijtdyjo33age6t555x7z3rulhrda",
                            "state": "AVAILABLE",
                            "time_created": "2017-04-18 10:30:38.615 +0000 UTC",
                            "time_modified": "0001-01-01 00:00:00 +0000 UTC",
                            "vcn_id": "ocid1.vcn.oc1.phx.aaaaaaaax7h5pfgwmmjhnzo5iaqkouyvj7otocuhe3ku5k4xrj6kpwmn2fua"
                        },
                        "meta": {},
                        "tainted": false
                    },
                    "deposed": [],
                    "provider": ""
                },
                "baremetal_core_route_table.RouteForComplete": {
                    "type": "baremetal_core_route_table",
                    "depends_on": [
                        "baremetal_core_internet_gateway.CompleteIG",
                        "baremetal_core_virtual_network.CompleteVCN"
                    ],
                    "primary": {
                        "id": "ocid1.routetable.oc1.phx.aaaaaaaaasjvgdlayvbtes73wopowyng4mwphd2lladhaqu2tk2ace3ksszq",
                        "attributes": {
                            "compartment_id": "ocid1.compartment.oc1..aaaaaaaalk523m4z2n4lurhyykl3ppptvfhzbnvwswazybysjjtaiykhpwpq",
                            "display_name": "RouteTableForDocker",
                            "id": "ocid1.routetable.oc1.phx.aaaaaaaaasjvgdlayvbtes73wopowyng4mwphd2lladhaqu2tk2ace3ksszq",
                            "route_rules.#": "1",
                            "route_rules.0.cidr_block": "0.0.0.0/0",
                            "route_rules.0.network_entity_id": "ocid1.internetgateway.oc1.phx.aaaaaaaacinguaewdb6yvcqedtq2p4ayijtdyjo33age6t555x7z3rulhrda",
                            "state": "AVAILABLE",
                            "time_created": "2017-04-18 10:30:39.603 +0000 UTC",
                            "time_modified": "0001-01-01 00:00:00 +0000 UTC",
                            "vcn_id": "ocid1.vcn.oc1.phx.aaaaaaaax7h5pfgwmmjhnzo5iaqkouyvj7otocuhe3ku5k4xrj6kpwmn2fua"
                        },
                        "meta": {},
                        "tainted": false
                    },
                    "deposed": [],
                    "provider": ""
                },
                "baremetal_core_security_list.Dockerseclist": {
                    "type": "baremetal_core_security_list",
                    "depends_on": [
                        "baremetal_core_virtual_network.CompleteVCN"
                    ],
                    "primary": {
                        "id": "ocid1.securitylist.oc1.phx.aaaaaaaakfbkxf56gxy266rxhlff34daxj3dik6zibhf7tprurnix2fayuda",
                        "attributes": {
                            "compartment_id": "ocid1.compartment.oc1..aaaaaaaalk523m4z2n4lurhyykl3ppptvfhzbnvwswazybysjjtaiykhpwpq",
                            "display_name": "Dockerseclist",
                            "egress_security_rules.#": "2",
                            "egress_security_rules.0.destination": "0.0.0.0/0",
                            "egress_security_rules.0.icmp_options.#": "0",
                            "egress_security_rules.0.protocol": "6",
                            "egress_security_rules.0.stateless": "false",
                            "egress_security_rules.0.tcp_options.#": "0",
                            "egress_security_rules.0.udp_options.#": "0",
                            "egress_security_rules.1.destination": "10.1.0.0/16",
                            "egress_security_rules.1.icmp_options.#": "0",
                            "egress_security_rules.1.protocol": "all",
                            "egress_security_rules.1.stateless": "false",
                            "egress_security_rules.1.tcp_options.#": "0",
                            "egress_security_rules.1.udp_options.#": "0",
                            "id": "ocid1.securitylist.oc1.phx.aaaaaaaakfbkxf56gxy266rxhlff34daxj3dik6zibhf7tprurnix2fayuda",
                            "ingress_security_rules.#": "2",
                            "ingress_security_rules.0.icmp_options.#": "0",
                            "ingress_security_rules.0.protocol": "6",
                            "ingress_security_rules.0.source": "0.0.0.0/0",
                            "ingress_security_rules.0.stateless": "false",
                            "ingress_security_rules.0.tcp_options.#": "1",
                            "ingress_security_rules.0.tcp_options.0.max": "22",
                            "ingress_security_rules.0.tcp_options.0.min": "22",
                            "ingress_security_rules.0.udp_options.#": "0",
                            "ingress_security_rules.1.icmp_options.#": "0",
                            "ingress_security_rules.1.protocol": "all",
                            "ingress_security_rules.1.source": "10.1.0.0/16",
                            "ingress_security_rules.1.stateless": "false",
                            "ingress_security_rules.1.tcp_options.#": "0",
                            "ingress_security_rules.1.udp_options.#": "0",
                            "state": "AVAILABLE",
                            "time_created": "2017-04-18 10:30:38.952 +0000 UTC",
                            "vcn_id": "ocid1.vcn.oc1.phx.aaaaaaaax7h5pfgwmmjhnzo5iaqkouyvj7otocuhe3ku5k4xrj6kpwmn2fua"
                        },
                        "meta": {},
                        "tainted": false
                    },
                    "deposed": [],
                    "provider": ""
                },
                "baremetal_core_subnet.MasterSubnet": {
                    "type": "baremetal_core_subnet",
                    "depends_on": [
                        "baremetal_core_route_table.RouteForComplete",
                        "baremetal_core_security_list.Dockerseclist",
                        "baremetal_core_virtual_network.CompleteVCN",
                        "data.baremetal_identity_availability_domains.ADs"
                    ],
                    "primary": {
                        "id": "ocid1.subnet.oc1.phx.aaaaaaaaugl7jxql6z47kh2gbv477jocdmfphlplwgtgf3435r464szyjvha",
                        "attributes": {
                            "availability_domain": "YZAF:PHX-AD-1",
                            "cidr_block": "10.1.1.0/24",
                            "compartment_id": "ocid1.compartment.oc1..aaaaaaaalk523m4z2n4lurhyykl3ppptvfhzbnvwswazybysjjtaiykhpwpq",
                            "dhcp_options_id": "ocid1.dhcpoptions.oc1.phx.aaaaaaaatbestljuzti7tenhjuy3c2d6b7wqd2azvv4j2xm3uq5riemcxxsa",
                            "display_name": "MasterSubnet",
                            "dns_label": "",
                            "id": "ocid1.subnet.oc1.phx.aaaaaaaaugl7jxql6z47kh2gbv477jocdmfphlplwgtgf3435r464szyjvha",
                            "route_table_id": "ocid1.routetable.oc1.phx.aaaaaaaaasjvgdlayvbtes73wopowyng4mwphd2lladhaqu2tk2ace3ksszq",
                            "security_list_ids.#": "1",
                            "security_list_ids.2845488432": "ocid1.securitylist.oc1.phx.aaaaaaaakfbkxf56gxy266rxhlff34daxj3dik6zibhf7tprurnix2fayuda",
                            "state": "AVAILABLE",
                            "time_created": "2017-04-18 10:30:40.306 +0000 UTC",
                            "vcn_id": "ocid1.vcn.oc1.phx.aaaaaaaax7h5pfgwmmjhnzo5iaqkouyvj7otocuhe3ku5k4xrj6kpwmn2fua",
                            "virtual_router_ip": "10.1.1.1",
                            "virtual_router_mac": "00:00:17:DE:0F:2C"
                        },
                        "meta": {},
                        "tainted": false
                    },
                    "deposed": [],
                    "provider": ""
                },
                "baremetal_core_subnet.MinionSubnet": {
                    "type": "baremetal_core_subnet",
                    "depends_on": [
                        "baremetal_core_route_table.RouteForComplete",
                        "baremetal_core_security_list.Dockerseclist",
                        "baremetal_core_virtual_network.CompleteVCN",
                        "data.baremetal_identity_availability_domains.ADs"
                    ],
                    "primary": {
                        "id": "ocid1.subnet.oc1.phx.aaaaaaaal26mnpb32zqqzwpn5d7zukvwpgiwd2wmq4gcjj3vbj7fien455na",
                        "attributes": {
                            "availability_domain": "YZAF:PHX-AD-2",
                            "cidr_block": "10.1.2.0/24",
                            "compartment_id": "ocid1.compartment.oc1..aaaaaaaalk523m4z2n4lurhyykl3ppptvfhzbnvwswazybysjjtaiykhpwpq",
                            "dhcp_options_id": "ocid1.dhcpoptions.oc1.phx.aaaaaaaatbestljuzti7tenhjuy3c2d6b7wqd2azvv4j2xm3uq5riemcxxsa",
                            "display_name": "MinionSubnet",
                            "dns_label": "",
                            "id": "ocid1.subnet.oc1.phx.aaaaaaaal26mnpb32zqqzwpn5d7zukvwpgiwd2wmq4gcjj3vbj7fien455na",
                            "route_table_id": "ocid1.routetable.oc1.phx.aaaaaaaaasjvgdlayvbtes73wopowyng4mwphd2lladhaqu2tk2ace3ksszq",
                            "security_list_ids.#": "1",
                            "security_list_ids.2845488432": "ocid1.securitylist.oc1.phx.aaaaaaaakfbkxf56gxy266rxhlff34daxj3dik6zibhf7tprurnix2fayuda",
                            "state": "AVAILABLE",
                            "time_created": "2017-04-18 10:30:40.307 +0000 UTC",
                            "vcn_id": "ocid1.vcn.oc1.phx.aaaaaaaax7h5pfgwmmjhnzo5iaqkouyvj7otocuhe3ku5k4xrj6kpwmn2fua",
                            "virtual_router_ip": "10.1.2.1",
                            "virtual_router_mac": "00:00:17:DE:0F:2C"
                        },
                        "meta": {},
                        "tainted": false
                    },
                    "deposed": [],
                    "provider": ""
                },
                "baremetal_core_virtual_network.CompleteVCN": {
                    "type": "baremetal_core_virtual_network",
                    "depends_on": [],
                    "primary": {
                        "id": "ocid1.vcn.oc1.phx.aaaaaaaax7h5pfgwmmjhnzo5iaqkouyvj7otocuhe3ku5k4xrj6kpwmn2fua",
                        "attributes": {
                            "cidr_block": "10.1.0.0/16",
                            "compartment_id": "ocid1.compartment.oc1..aaaaaaaalk523m4z2n4lurhyykl3ppptvfhzbnvwswazybysjjtaiykhpwpq",
                            "default_route_table_id": "ocid1.routetable.oc1.phx.aaaaaaaa7vzybyovb7su5pqdmtvx4eigarxrbmad4qjpbphl2qtyf4x2rysa",
                            "default_security_list_id": "ocid1.securitylist.oc1.phx.aaaaaaaa3djqzy7alhovejq3tjzcaogxoqzdbhv6i5n5jgj67gneuyn37wma",
                            "display_name": "DockerVCN",
                            "id": "ocid1.vcn.oc1.phx.aaaaaaaax7h5pfgwmmjhnzo5iaqkouyvj7otocuhe3ku5k4xrj6kpwmn2fua",
                            "state": "AVAILABLE",
                            "time_created": "2017-04-18 10:30:37.837 +0000 UTC"
                        },
                        "meta": {},
                        "tainted": false
                    },
                    "deposed": [],
                    "provider": ""
                },
                "data.baremetal_core_images.OLImageOCID": {
                    "type": "baremetal_core_images",
                    "depends_on": [],
                    "primary": {
                        "id": "2017-04-18 10:30:36.941006659 +0000 UTC",
                        "attributes": {
                            "compartment_id": "ocid1.compartment.oc1..aaaaaaaalk523m4z2n4lurhyykl3ppptvfhzbnvwswazybysjjtaiykhpwpq",
                            "id": "2017-04-18 10:30:36.941006659 +0000 UTC",
                            "images.#": "1",
                            "images.0.base_image_id": "",
                            "images.0.compartment_id": "",
                            "images.0.create_image_allowed": "true",
                            "images.0.display_name": "CentOS-7-2017.02.02-2",
                            "images.0.id": "ocid1.image.oc1.phx.aaaaaaaazt3sfrz2lfbha6okihvh4bwaufikhilhsek43hpvzxitl47nv2bq",
                            "images.0.instance_id": "",
                            "images.0.operating_system": "CentOS",
                            "images.0.operating_system_version": "7",
                            "images.0.state": "AVAILABLE",
                            "images.0.time_created": "2017-02-03 03:02:50.919 +0000 UTC",
                            "operating_system": "CentOS",
                            "operating_system_version": "7"
                        },
                        "meta": {},
                        "tainted": false
                    },
                    "deposed": [],
                    "provider": ""
                },
                "data.baremetal_core_vnic.MasterVnic": {
                    "type": "baremetal_core_vnic",
                    "depends_on": [
                        "data.baremetal_core_vnic_attachments.MasterVnics"
                    ],
                    "primary": {
                        "id": "ocid1.vnic.oc1.phx.abyhqljsmftu2ielp6buwzjmlxlb7t5oxfqgjjmvqdnrd22qt56i3wzybcuq",
                        "attributes": {
                            "availability_domain": "YZAF:PHX-AD-1",
                            "compartment_id": "ocid1.compartment.oc1..aaaaaaaalk523m4z2n4lurhyykl3ppptvfhzbnvwswazybysjjtaiykhpwpq",
                            "display_name": "Docker Master",
                            "id": "ocid1.vnic.oc1.phx.abyhqljsmftu2ielp6buwzjmlxlb7t5oxfqgjjmvqdnrd22qt56i3wzybcuq",
                            "private_ip_address": "10.1.1.2",
                            "public_ip_address": "129.146.37.170",
                            "state": "AVAILABLE",
                            "subnet_id": "ocid1.subnet.oc1.phx.aaaaaaaaugl7jxql6z47kh2gbv477jocdmfphlplwgtgf3435r464szyjvha",
                            "vnic_id": "ocid1.vnic.oc1.phx.abyhqljsmftu2ielp6buwzjmlxlb7t5oxfqgjjmvqdnrd22qt56i3wzybcuq"
                        },
                        "meta": {},
                        "tainted": false
                    },
                    "deposed": [],
                    "provider": ""
                },
                "data.baremetal_core_vnic.MinionVnic": {
                    "type": "baremetal_core_vnic",
                    "depends_on": [
                        "data.baremetal_core_vnic_attachments.MinionVnics"
                    ],
                    "primary": {
                        "id": "ocid1.vnic.oc1.phx.abyhqljrgq55azj3fphc5tjnpjzj4xof3cdklkqdvysezjedqqfjlzn35ayq",
                        "attributes": {
                            "availability_domain": "YZAF:PHX-AD-2",
                            "compartment_id": "ocid1.compartment.oc1..aaaaaaaalk523m4z2n4lurhyykl3ppptvfhzbnvwswazybysjjtaiykhpwpq",
                            "display_name": "Minion",
                            "id": "ocid1.vnic.oc1.phx.abyhqljrgq55azj3fphc5tjnpjzj4xof3cdklkqdvysezjedqqfjlzn35ayq",
                            "private_ip_address": "10.1.2.2",
                            "public_ip_address": "129.146.21.250",
                            "state": "AVAILABLE",
                            "subnet_id": "ocid1.subnet.oc1.phx.aaaaaaaal26mnpb32zqqzwpn5d7zukvwpgiwd2wmq4gcjj3vbj7fien455na",
                            "vnic_id": "ocid1.vnic.oc1.phx.abyhqljrgq55azj3fphc5tjnpjzj4xof3cdklkqdvysezjedqqfjlzn35ayq"
                        },
                        "meta": {},
                        "tainted": false
                    },
                    "deposed": [],
                    "provider": ""
                },
                "data.baremetal_core_vnic_attachments.MasterVnics": {
                    "type": "baremetal_core_vnic_attachments",
                    "depends_on": [
                        "baremetal_core_instance.Master",
                        "data.baremetal_identity_availability_domains.ADs"
                    ],
                    "primary": {
                        "id": "2017-04-18 10:31:37.12131043 +0000 UTC",
                        "attributes": {
                            "availability_domain": "YZAF:PHX-AD-1",
                            "compartment_id": "ocid1.compartment.oc1..aaaaaaaalk523m4z2n4lurhyykl3ppptvfhzbnvwswazybysjjtaiykhpwpq",
                            "id": "2017-04-18 10:31:37.12131043 +0000 UTC",
                            "instance_id": "ocid1.instance.oc1.phx.abyhqljsdldlypmjnlf2zehmanryrct5oekmbdcojffvq75tv553rjmpqwfa",
                            "vnic_attachments.#": "1",
                            "vnic_attachments.0.availability_domain": "YZAF:PHX-AD-1",
                            "vnic_attachments.0.compartment_id": "ocid1.compartment.oc1..aaaaaaaalk523m4z2n4lurhyykl3ppptvfhzbnvwswazybysjjtaiykhpwpq",
                            "vnic_attachments.0.display_name": "",
                            "vnic_attachments.0.id": "ocid1.vnicattachment.oc1.phx.abyhqljsoymdrunkdbsrplc27a5744a5livc4h4zlnts76qew2xnsgwjn5ba",
                            "vnic_attachments.0.instance_id": "ocid1.instance.oc1.phx.abyhqljsdldlypmjnlf2zehmanryrct5oekmbdcojffvq75tv553rjmpqwfa",
                            "vnic_attachments.0.state": "ATTACHED",
                            "vnic_attachments.0.subnet_id": "ocid1.subnet.oc1.phx.aaaaaaaaugl7jxql6z47kh2gbv477jocdmfphlplwgtgf3435r464szyjvha",
                            "vnic_attachments.0.time_created": "Tue, 18 Apr 2017 10:30:46 UTC",
                            "vnic_attachments.0.vnic_id": "ocid1.vnic.oc1.phx.abyhqljsmftu2ielp6buwzjmlxlb7t5oxfqgjjmvqdnrd22qt56i3wzybcuq"
                        },
                        "meta": {},
                        "tainted": false
                    },
                    "deposed": [],
                    "provider": ""
                },
                "data.baremetal_core_vnic_attachments.MinionVnics": {
                    "type": "baremetal_core_vnic_attachments",
                    "depends_on": [
                        "baremetal_core_instance.Minion",
                        "data.baremetal_identity_availability_domains.ADs"
                    ],
                    "primary": {
                        "id": "2017-04-18 10:31:37.150113774 +0000 UTC",
                        "attributes": {
                            "availability_domain": "YZAF:PHX-AD-2",
                            "compartment_id": "ocid1.compartment.oc1..aaaaaaaalk523m4z2n4lurhyykl3ppptvfhzbnvwswazybysjjtaiykhpwpq",
                            "id": "2017-04-18 10:31:37.150113774 +0000 UTC",
                            "instance_id": "ocid1.instance.oc1.phx.abyhqljrb54u6v5moguyp5tvodzy2nbr44gfsxlok5m3ltluhe7h5pehldka",
                            "vnic_attachments.#": "1",
                            "vnic_attachments.0.availability_domain": "YZAF:PHX-AD-2",
                            "vnic_attachments.0.compartment_id": "ocid1.compartment.oc1..aaaaaaaalk523m4z2n4lurhyykl3ppptvfhzbnvwswazybysjjtaiykhpwpq",
                            "vnic_attachments.0.display_name": "",
                            "vnic_attachments.0.id": "ocid1.vnicattachment.oc1.phx.abyhqljrjjfzp3fvpfhhpzshjjxxqhvmu6dnnqjvtgo4fj6afqq75ohx4wsq",
                            "vnic_attachments.0.instance_id": "ocid1.instance.oc1.phx.abyhqljrb54u6v5moguyp5tvodzy2nbr44gfsxlok5m3ltluhe7h5pehldka",
                            "vnic_attachments.0.state": "ATTACHED",
                            "vnic_attachments.0.subnet_id": "ocid1.subnet.oc1.phx.aaaaaaaal26mnpb32zqqzwpn5d7zukvwpgiwd2wmq4gcjj3vbj7fien455na",
                            "vnic_attachments.0.time_created": "Tue, 18 Apr 2017 10:30:47 UTC",
                            "vnic_attachments.0.vnic_id": "ocid1.vnic.oc1.phx.abyhqljrgq55azj3fphc5tjnpjzj4xof3cdklkqdvysezjedqqfjlzn35ayq"
                        },
                        "meta": {},
                        "tainted": false
                    },
                    "deposed": [],
                    "provider": ""
                },
                "data.baremetal_identity_availability_domains.ADs": {
                    "type": "baremetal_identity_availability_domains",
                    "depends_on": [],
                    "primary": {
                        "id": "2017-04-18 10:30:36.923937943 +0000 UTC",
                        "attributes": {
                            "availability_domains.#": "3",
                            "availability_domains.0.compartment_id": "ocid1.tenancy.oc1..aaaaaaaaqjvww6xclqb3ra3ir5l22vj3yxagbgg4uglrpeyawk4gazip2eva",
                            "availability_domains.0.name": "YZAF:PHX-AD-1",
                            "availability_domains.1.compartment_id": "ocid1.tenancy.oc1..aaaaaaaaqjvww6xclqb3ra3ir5l22vj3yxagbgg4uglrpeyawk4gazip2eva",
                            "availability_domains.1.name": "YZAF:PHX-AD-2",
                            "availability_domains.2.compartment_id": "ocid1.tenancy.oc1..aaaaaaaaqjvww6xclqb3ra3ir5l22vj3yxagbgg4uglrpeyawk4gazip2eva",
                            "availability_domains.2.name": "YZAF:PHX-AD-3",
                            "compartment_id": "ocid1.tenancy.oc1..aaaaaaaaqjvww6xclqb3ra3ir5l22vj3yxagbgg4uglrpeyawk4gazip2eva",
                            "id": "2017-04-18 10:30:36.923937943 +0000 UTC"
                        },
                        "meta": {},
                        "tainted": false
                    },
                    "deposed": [],
                    "provider": ""
                },
                "null_resource.remote-exec-master": {
                    "type": "null_resource",
                    "depends_on": [
                        "baremetal_core_instance.Master",
                        "data.baremetal_core_vnic.MasterVnic"
                    ],
                    "primary": {
                        "id": "3181576884358750024",
                        "attributes": {
                            "id": "3181576884358750024"
                        },
                        "meta": {},
                        "tainted": false
                    },
                    "deposed": [],
                    "provider": ""
                },
                "null_resource.remote-exec-minion": {
                    "type": "null_resource",
                    "depends_on": [
                        "baremetal_core_instance.Minion",
                        "data.baremetal_core_vnic.MinionVnic"
                    ],
                    "primary": {
                        "id": "2658300263274961211",
                        "attributes": {
                            "id": "2658300263274961211"
                        },
                        "meta": {},
                        "tainted": false
                    },
                    "deposed": [],
                    "provider": ""
                }
            },
            "depends_on": []
        }
    ]
}
